// !$*UTF8*$!
{
	archiveVersion = 1;
	classes = {
	};
	objectVersion = 46;
	objects = {

/* Begin PBXBuildFile section */
		BD1FE21B1C500434005F95D3 /* UI.framework in Frameworks */ = {isa = PBXBuildFile; fileRef = BD1FE1F21C4FF00E005F95D3 /* UI.framework */; };
		BD21421F1CFCFBD800D3CD58 /* QuartzViewController.mac.swift in Sources */ = {isa = PBXBuildFile; fileRef = BD21421E1CFCFBD800D3CD58 /* QuartzViewController.mac.swift */; };
		BD2142211CFCFF6000D3CD58 /* QuartzViewController.ios.swift in Sources */ = {isa = PBXBuildFile; fileRef = BD2142201CFCFF6000D3CD58 /* QuartzViewController.ios.swift */; };
		BD294AC01CDD421900A8716A /* SizeCalculator.swift in Sources */ = {isa = PBXBuildFile; fileRef = BD294ABF1CDD421900A8716A /* SizeCalculator.swift */; };
		BD294AC21CDD429900A8716A /* ContainerLayout.swift in Sources */ = {isa = PBXBuildFile; fileRef = BD294AC11CDD429900A8716A /* ContainerLayout.swift */; };
		BD3997DB1C68A8EA002B3E01 /* Alignment.swift in Sources */ = {isa = PBXBuildFile; fileRef = BD3997D11C68A8EA002B3E01 /* Alignment.swift */; };
		BD3997DC1C68A8EA002B3E01 /* Arrangement.swift in Sources */ = {isa = PBXBuildFile; fileRef = BD3997D21C68A8EA002B3E01 /* Arrangement.swift */; };
		BD3997DD1C68A8EA002B3E01 /* Component.swift in Sources */ = {isa = PBXBuildFile; fileRef = BD3997D31C68A8EA002B3E01 /* Component.swift */; };
		BD3997DE1C68A8EA002B3E01 /* Composer.swift in Sources */ = {isa = PBXBuildFile; fileRef = BD3997D41C68A8EA002B3E01 /* Composer.swift */; };
		BD3997DF1C68A8EA002B3E01 /* Container.swift in Sources */ = {isa = PBXBuildFile; fileRef = BD3997D51C68A8EA002B3E01 /* Container.swift */; };
		BD3997E01C68A8EA002B3E01 /* Distribution.swift in Sources */ = {isa = PBXBuildFile; fileRef = BD3997D61C68A8EA002B3E01 /* Distribution.swift */; };
		BD3997E11C68A8EA002B3E01 /* LineBreak.swift in Sources */ = {isa = PBXBuildFile; fileRef = BD3997D71C68A8EA002B3E01 /* LineBreak.swift */; };
		BD3997E31C68A8EA002B3E01 /* View.swift in Sources */ = {isa = PBXBuildFile; fileRef = BD3997D91C68A8EA002B3E01 /* View.swift */; };
		BD526D231C97510F0075684E /* QuartzRenderer.swift in Sources */ = {isa = PBXBuildFile; fileRef = BD526D221C97510F0075684E /* QuartzRenderer.swift */; };
		BD526D251C9759530075684E /* QuartzViewController.swift in Sources */ = {isa = PBXBuildFile; fileRef = BD526D241C9759530075684E /* QuartzViewController.swift */; };
		BD7ACBD41CEE6C2C0067C6FC /* Style.swift in Sources */ = {isa = PBXBuildFile; fileRef = BD7ACBD31CEE6C2C0067C6FC /* Style.swift */; };
		BD8226661C936DD700D807A3 /* Node.swift in Sources */ = {isa = PBXBuildFile; fileRef = BD8226641C936DD700D807A3 /* Node.swift */; };
		BD8226671C936DD700D807A3 /* Scene.swift in Sources */ = {isa = PBXBuildFile; fileRef = BD8226651C936DD700D807A3 /* Scene.swift */; };
		BD82266A1C936E0300D807A3 /* Renderer.swift in Sources */ = {isa = PBXBuildFile; fileRef = BD8226691C936E0300D807A3 /* Renderer.swift */; };
		BD8C94D41CD7FCFF006C009E /* FlexibleLayoutEnumerator.swift in Sources */ = {isa = PBXBuildFile; fileRef = BD8C94D31CD7FCFF006C009E /* FlexibleLayoutEnumerator.swift */; };
		BD8C94D61CD7FD12006C009E /* FlexibleLayoutIterator.swift in Sources */ = {isa = PBXBuildFile; fileRef = BD8C94D51CD7FD12006C009E /* FlexibleLayoutIterator.swift */; };
		BD8EB9051CB86A59001ACCA6 /* LayoutCalculator.swift in Sources */ = {isa = PBXBuildFile; fileRef = BD8EB9041CB86A59001ACCA6 /* LayoutCalculator.swift */; };
		BD8EB90C1CB920C0001ACCA6 /* ComponentLayout.swift in Sources */ = {isa = PBXBuildFile; fileRef = BD8EB90B1CB920C0001ACCA6 /* ComponentLayout.swift */; };
		BD9648141CEFB2D100D3F478 /* Visual.swift in Sources */ = {isa = PBXBuildFile; fileRef = BD9648131CEFB2D100D3F478 /* Visual.swift */; };
		BD96A5AD1CF0AB1700231DA8 /* Layout.swift in Sources */ = {isa = PBXBuildFile; fileRef = BD96A5AC1CF0AB1700231DA8 /* Layout.swift */; };
		BD96A5B01CF0E57D00231DA8 /* Quartz+Drawing.swift in Sources */ = {isa = PBXBuildFile; fileRef = BD96A5AF1CF0E57D00231DA8 /* Quartz+Drawing.swift */; };
		BDDA243E1CA4ADA800E89901 /* ParentNodeIterator.swift in Sources */ = {isa = PBXBuildFile; fileRef = BDDA243D1CA4ADA800E89901 /* ParentNodeIterator.swift */; };
		BDF256D81CF91FA60020F864 /* Overflow.swift in Sources */ = {isa = PBXBuildFile; fileRef = BDF256D71CF91FA60020F864 /* Overflow.swift */; };
		BDF790E71D173BC6003887E7 /* Canvas.framework in Frameworks */ = {isa = PBXBuildFile; fileRef = BDF790E61D173BC6003887E7 /* Canvas.framework */; };
		BDF790EA1D1740C2003887E7 /* Size+Arrangement.swift in Sources */ = {isa = PBXBuildFile; fileRef = BDF790E91D1740C2003887E7 /* Size+Arrangement.swift */; };
		BDF790EC1D174131003887E7 /* Space+Arrangement.swift in Sources */ = {isa = PBXBuildFile; fileRef = BDF790EB1D174131003887E7 /* Space+Arrangement.swift */; };
		BDF790EE1D17422E003887E7 /* Space+Alignment.swift in Sources */ = {isa = PBXBuildFile; fileRef = BDF790ED1D17422E003887E7 /* Space+Alignment.swift */; };
		BDF790F01D17426C003887E7 /* Point+Arrangement.swift in Sources */ = {isa = PBXBuildFile; fileRef = BDF790EF1D17426C003887E7 /* Point+Arrangement.swift */; };
/* End PBXBuildFile section */

/* Begin PBXContainerItemProxy section */
		BDD432091D08C27B0011F255 /* PBXContainerItemProxy */ = {
			isa = PBXContainerItemProxy;
			containerPortal = BD1FE1E91C4FF00E005F95D3 /* Project object */;
			proxyType = 1;
			remoteGlobalIDString = BD1FE1F11C4FF00E005F95D3;
			remoteInfo = UI;
		};
/* End PBXContainerItemProxy section */

/* Begin PBXFileReference section */
		BD1FE1F21C4FF00E005F95D3 /* UI.framework */ = {isa = PBXFileReference; explicitFileType = wrapper.framework; includeInIndex = 0; path = UI.framework; sourceTree = BUILT_PRODUCTS_DIR; };
		BD1FE1FD1C4FF1A4005F95D3 /* LICENSE.md */ = {isa = PBXFileReference; fileEncoding = 4; lastKnownFileType = net.daringfireball.markdown; path = LICENSE.md; sourceTree = "<group>"; };
		BD1FE1FE1C4FF1A4005F95D3 /* README.md */ = {isa = PBXFileReference; fileEncoding = 4; lastKnownFileType = net.daringfireball.markdown; path = README.md; sourceTree = "<group>"; };
		BD1FE2011C4FF1A4005F95D3 /* Info.plist */ = {isa = PBXFileReference; fileEncoding = 4; lastKnownFileType = text.plist.xml; path = Info.plist; sourceTree = "<group>"; };
		BD1FE2021C4FF1A4005F95D3 /* Info.plist */ = {isa = PBXFileReference; fileEncoding = 4; lastKnownFileType = text.plist.xml; path = Info.plist; sourceTree = "<group>"; };
		BD1FE20F1C4FF402005F95D3 /* Tests.xctest */ = {isa = PBXFileReference; explicitFileType = wrapper.cfbundle; includeInIndex = 0; path = Tests.xctest; sourceTree = BUILT_PRODUCTS_DIR; };
		BD21421E1CFCFBD800D3CD58 /* QuartzViewController.mac.swift */ = {isa = PBXFileReference; fileEncoding = 4; lastKnownFileType = sourcecode.swift; path = QuartzViewController.mac.swift; sourceTree = "<group>"; };
		BD2142201CFCFF6000D3CD58 /* QuartzViewController.ios.swift */ = {isa = PBXFileReference; fileEncoding = 4; lastKnownFileType = sourcecode.swift; path = QuartzViewController.ios.swift; sourceTree = "<group>"; };
		BD2142281CFD079D00D3CD58 /* ios.playground */ = {isa = PBXFileReference; lastKnownFileType = file.playground; path = ios.playground; sourceTree = "<group>"; };
		BD294ABF1CDD421900A8716A /* SizeCalculator.swift */ = {isa = PBXFileReference; fileEncoding = 4; lastKnownFileType = sourcecode.swift; path = SizeCalculator.swift; sourceTree = "<group>"; };
		BD294AC11CDD429900A8716A /* ContainerLayout.swift */ = {isa = PBXFileReference; fileEncoding = 4; lastKnownFileType = sourcecode.swift; path = ContainerLayout.swift; sourceTree = "<group>"; };
		BD3997D11C68A8EA002B3E01 /* Alignment.swift */ = {isa = PBXFileReference; fileEncoding = 4; lastKnownFileType = sourcecode.swift; path = Alignment.swift; sourceTree = "<group>"; };
		BD3997D21C68A8EA002B3E01 /* Arrangement.swift */ = {isa = PBXFileReference; fileEncoding = 4; lastKnownFileType = sourcecode.swift; path = Arrangement.swift; sourceTree = "<group>"; };
		BD3997D31C68A8EA002B3E01 /* Component.swift */ = {isa = PBXFileReference; fileEncoding = 4; lastKnownFileType = sourcecode.swift; path = Component.swift; sourceTree = "<group>"; };
		BD3997D41C68A8EA002B3E01 /* Composer.swift */ = {isa = PBXFileReference; fileEncoding = 4; lastKnownFileType = sourcecode.swift; path = Composer.swift; sourceTree = "<group>"; };
		BD3997D51C68A8EA002B3E01 /* Container.swift */ = {isa = PBXFileReference; fileEncoding = 4; lastKnownFileType = sourcecode.swift; path = Container.swift; sourceTree = "<group>"; };
		BD3997D61C68A8EA002B3E01 /* Distribution.swift */ = {isa = PBXFileReference; fileEncoding = 4; lastKnownFileType = sourcecode.swift; path = Distribution.swift; sourceTree = "<group>"; };
		BD3997D71C68A8EA002B3E01 /* LineBreak.swift */ = {isa = PBXFileReference; fileEncoding = 4; lastKnownFileType = sourcecode.swift; path = LineBreak.swift; sourceTree = "<group>"; };
		BD3997D91C68A8EA002B3E01 /* View.swift */ = {isa = PBXFileReference; fileEncoding = 4; lastKnownFileType = sourcecode.swift; path = View.swift; sourceTree = "<group>"; };
		BD51E2821D172618002221F2 /* Base.xcconfig */ = {isa = PBXFileReference; fileEncoding = 4; lastKnownFileType = text.xcconfig; path = Base.xcconfig; sourceTree = "<group>"; };
		BD51E2831D172618002221F2 /* Package.swift */ = {isa = PBXFileReference; fileEncoding = 4; lastKnownFileType = sourcecode.swift; path = Package.swift; sourceTree = "<group>"; };
		BD526D221C97510F0075684E /* QuartzRenderer.swift */ = {isa = PBXFileReference; fileEncoding = 4; lastKnownFileType = sourcecode.swift; path = QuartzRenderer.swift; sourceTree = "<group>"; };
		BD526D241C9759530075684E /* QuartzViewController.swift */ = {isa = PBXFileReference; fileEncoding = 4; lastKnownFileType = sourcecode.swift; path = QuartzViewController.swift; sourceTree = "<group>"; };
		BD7ACBD31CEE6C2C0067C6FC /* Style.swift */ = {isa = PBXFileReference; fileEncoding = 4; lastKnownFileType = sourcecode.swift; path = Style.swift; sourceTree = "<group>"; };
		BD8226641C936DD700D807A3 /* Node.swift */ = {isa = PBXFileReference; fileEncoding = 4; lastKnownFileType = sourcecode.swift; path = Node.swift; sourceTree = "<group>"; };
		BD8226651C936DD700D807A3 /* Scene.swift */ = {isa = PBXFileReference; fileEncoding = 4; lastKnownFileType = sourcecode.swift; path = Scene.swift; sourceTree = "<group>"; };
		BD8226691C936E0300D807A3 /* Renderer.swift */ = {isa = PBXFileReference; fileEncoding = 4; lastKnownFileType = sourcecode.swift; path = Renderer.swift; sourceTree = "<group>"; };
		BD8C94D31CD7FCFF006C009E /* FlexibleLayoutEnumerator.swift */ = {isa = PBXFileReference; fileEncoding = 4; lastKnownFileType = sourcecode.swift; path = FlexibleLayoutEnumerator.swift; sourceTree = "<group>"; };
		BD8C94D51CD7FD12006C009E /* FlexibleLayoutIterator.swift */ = {isa = PBXFileReference; fileEncoding = 4; lastKnownFileType = sourcecode.swift; path = FlexibleLayoutIterator.swift; sourceTree = "<group>"; };
		BD8EB9041CB86A59001ACCA6 /* LayoutCalculator.swift */ = {isa = PBXFileReference; fileEncoding = 4; indentWidth = 4; lastKnownFileType = sourcecode.swift; path = LayoutCalculator.swift; sourceTree = "<group>"; tabWidth = 4; };
		BD8EB90B1CB920C0001ACCA6 /* ComponentLayout.swift */ = {isa = PBXFileReference; fileEncoding = 4; lastKnownFileType = sourcecode.swift; path = ComponentLayout.swift; sourceTree = "<group>"; };
		BD9648131CEFB2D100D3F478 /* Visual.swift */ = {isa = PBXFileReference; fileEncoding = 4; lastKnownFileType = sourcecode.swift; path = Visual.swift; sourceTree = "<group>"; };
		BD96A5AC1CF0AB1700231DA8 /* Layout.swift */ = {isa = PBXFileReference; fileEncoding = 4; lastKnownFileType = sourcecode.swift; path = Layout.swift; sourceTree = "<group>"; };
		BD96A5AF1CF0E57D00231DA8 /* Quartz+Drawing.swift */ = {isa = PBXFileReference; fileEncoding = 4; lastKnownFileType = sourcecode.swift; path = "Quartz+Drawing.swift"; sourceTree = "<group>"; };
		BDDA243D1CA4ADA800E89901 /* ParentNodeIterator.swift */ = {isa = PBXFileReference; fileEncoding = 4; lastKnownFileType = sourcecode.swift; path = ParentNodeIterator.swift; sourceTree = "<group>"; };
		BDE8A79A1C95D56700EAF68D /* mac.playground */ = {isa = PBXFileReference; lastKnownFileType = file.playground; path = mac.playground; sourceTree = "<group>"; };
		BDF256D71CF91FA60020F864 /* Overflow.swift */ = {isa = PBXFileReference; fileEncoding = 4; lastKnownFileType = sourcecode.swift; path = Overflow.swift; sourceTree = "<group>"; };
		BDF790E61D173BC6003887E7 /* Canvas.framework */ = {isa = PBXFileReference; lastKnownFileType = wrapper.framework; path = Canvas.framework; sourceTree = BUILT_PRODUCTS_DIR; };
		BDF790E91D1740C2003887E7 /* Size+Arrangement.swift */ = {isa = PBXFileReference; fileEncoding = 4; lastKnownFileType = sourcecode.swift; path = "Size+Arrangement.swift"; sourceTree = "<group>"; };
		BDF790EB1D174131003887E7 /* Space+Arrangement.swift */ = {isa = PBXFileReference; fileEncoding = 4; lastKnownFileType = sourcecode.swift; path = "Space+Arrangement.swift"; sourceTree = "<group>"; };
		BDF790ED1D17422E003887E7 /* Space+Alignment.swift */ = {isa = PBXFileReference; fileEncoding = 4; lastKnownFileType = sourcecode.swift; path = "Space+Alignment.swift"; sourceTree = "<group>"; };
		BDF790EF1D17426C003887E7 /* Point+Arrangement.swift */ = {isa = PBXFileReference; fileEncoding = 4; lastKnownFileType = sourcecode.swift; path = "Point+Arrangement.swift"; sourceTree = "<group>"; };
/* End PBXFileReference section */

/* Begin PBXFrameworksBuildPhase section */
		BD1FE20C1C4FF402005F95D3 /* Frameworks */ = {
			isa = PBXFrameworksBuildPhase;
			buildActionMask = 2147483647;
			files = (
				BD1FE21B1C500434005F95D3 /* UI.framework in Frameworks */,
			);
			runOnlyForDeploymentPostprocessing = 0;
		};
		BD51E2851D172CCB002221F2 /* Frameworks */ = {
			isa = PBXFrameworksBuildPhase;
			buildActionMask = 2147483647;
			files = (
				BDF790E71D173BC6003887E7 /* Canvas.framework in Frameworks */,
			);
			runOnlyForDeploymentPostprocessing = 0;
		};
/* End PBXFrameworksBuildPhase section */

/* Begin PBXGroup section */
		BD1FE1E81C4FF00E005F95D3 = {
			isa = PBXGroup;
			children = (
				BD1FE1FD1C4FF1A4005F95D3 /* LICENSE.md */,
				BD1FE1FE1C4FF1A4005F95D3 /* README.md */,
				BD1FE2021C4FF1A4005F95D3 /* Info.plist */,
				BD51E2831D172618002221F2 /* Package.swift */,
				BD51E2821D172618002221F2 /* Base.xcconfig */,
				BD51E2861D172CD1002221F2 /* Frameworks */,
				BDE8A7991C95D52F00EAF68D /* Playgrounds */,
				BD1FE1F31C4FF00E005F95D3 /* Products */,
				BD1FE1FF1C4FF1A4005F95D3 /* Sources */,
				BD1FE2001C4FF1A4005F95D3 /* Tests */,
			);
			sourceTree = "<group>";
			usesTabs = 1;
		};
		BD1FE1F31C4FF00E005F95D3 /* Products */ = {
			isa = PBXGroup;
			children = (
				BD1FE1F21C4FF00E005F95D3 /* UI.framework */,
				BD1FE20F1C4FF402005F95D3 /* Tests.xctest */,
			);
			name = Products;
			sourceTree = "<group>";
		};
		BD1FE1FF1C4FF1A4005F95D3 /* Sources */ = {
			isa = PBXGroup;
			children = (
				BD7ACBD21CEE6BE90067C6FC /* Appearance */,
				BD3997E71C68A939002B3E01 /* Components */,
				BDF790E81D17409D003887E7 /* Geometry */,
				BD8226631C936DBA00D807A3 /* Hierachy */,
				BD3997E51C68A8F8002B3E01 /* Layouting */,
				BD8226681C936DE900D807A3 /* Rendering */,
			);
			path = Sources;
			sourceTree = "<group>";
		};
		BD1FE2001C4FF1A4005F95D3 /* Tests */ = {
			isa = PBXGroup;
			children = (
				BD1FE2011C4FF1A4005F95D3 /* Info.plist */,
			);
			path = Tests;
			sourceTree = "<group>";
		};
		BD2142271CFD00F100D3CD58 /* ViewController */ = {
			isa = PBXGroup;
			children = (
				BD2142201CFCFF6000D3CD58 /* QuartzViewController.ios.swift */,
				BD21421E1CFCFBD800D3CD58 /* QuartzViewController.mac.swift */,
				BD526D241C9759530075684E /* QuartzViewController.swift */,
			);
			name = ViewController;
			sourceTree = "<group>";
		};
		BD294AC31CDD47E600A8716A /* Calculators */ = {
			isa = PBXGroup;
			children = (
				BD8EB9041CB86A59001ACCA6 /* LayoutCalculator.swift */,
				BD294ABF1CDD421900A8716A /* SizeCalculator.swift */,
			);
			name = Calculators;
			sourceTree = "<group>";
		};
		BD3997E51C68A8F8002B3E01 /* Layouting */ = {
			isa = PBXGroup;
			children = (
				BD96A5AC1CF0AB1700231DA8 /* Layout.swift */,
				BD96A5AE1CF0ABBA00231DA8 /* Attributes */,
				BD294AC31CDD47E600A8716A /* Calculators */,
				BD8EB9031CB869D6001ACCA6 /* Entities */,
				BD8C94D21CD7FCBA006C009E /* Utilities */,
			);
			name = Layouting;
			sourceTree = "<group>";
		};
		BD3997E61C68A915002B3E01 /* Containers */ = {
			isa = PBXGroup;
			children = (
				BD3997D91C68A8EA002B3E01 /* View.swift */,
			);
			name = Containers;
			sourceTree = "<group>";
		};
		BD3997E71C68A939002B3E01 /* Components */ = {
			isa = PBXGroup;
			children = (
				BD3997D31C68A8EA002B3E01 /* Component.swift */,
				BD3997D41C68A8EA002B3E01 /* Composer.swift */,
				BD3997D51C68A8EA002B3E01 /* Container.swift */,
				BD3997E61C68A915002B3E01 /* Containers */,
			);
			name = Components;
			sourceTree = "<group>";
		};
		BD51E2861D172CD1002221F2 /* Frameworks */ = {
			isa = PBXGroup;
			children = (
				BDF790E61D173BC6003887E7 /* Canvas.framework */,
			);
			name = Frameworks;
			sourceTree = "<group>";
		};
		BD526D211C9750D70075684E /* Quartz */ = {
			isa = PBXGroup;
			children = (
				BD526D221C97510F0075684E /* QuartzRenderer.swift */,
				BD96A5B11CF0EF5200231DA8 /* Extensions */,
				BD2142271CFD00F100D3CD58 /* ViewController */,
			);
			name = Quartz;
			sourceTree = "<group>";
		};
		BD7ACBD21CEE6BE90067C6FC /* Appearance */ = {
			isa = PBXGroup;
			children = (
				BD7ACBD31CEE6C2C0067C6FC /* Style.swift */,
				BD9648131CEFB2D100D3F478 /* Visual.swift */,
			);
			name = Appearance;
			sourceTree = "<group>";
		};
		BD8226631C936DBA00D807A3 /* Hierachy */ = {
			isa = PBXGroup;
			children = (
				BD8226641C936DD700D807A3 /* Node.swift */,
				BD8226651C936DD700D807A3 /* Scene.swift */,
				BDDA24411CA4BCDF00E89901 /* Utility */,
			);
			name = Hierachy;
			sourceTree = "<group>";
		};
		BD8226681C936DE900D807A3 /* Rendering */ = {
			isa = PBXGroup;
			children = (
				BD8226691C936E0300D807A3 /* Renderer.swift */,
				BD526D211C9750D70075684E /* Quartz */,
			);
			name = Rendering;
			sourceTree = "<group>";
		};
		BD8C94D21CD7FCBA006C009E /* Utilities */ = {
			isa = PBXGroup;
			children = (
				BD8C94D31CD7FCFF006C009E /* FlexibleLayoutEnumerator.swift */,
				BD8C94D51CD7FD12006C009E /* FlexibleLayoutIterator.swift */,
			);
			name = Utilities;
			sourceTree = "<group>";
		};
		BD8EB9031CB869D6001ACCA6 /* Entities */ = {
			isa = PBXGroup;
			children = (
				BD8EB90B1CB920C0001ACCA6 /* ComponentLayout.swift */,
				BD294AC11CDD429900A8716A /* ContainerLayout.swift */,
			);
			name = Entities;
			sourceTree = "<group>";
		};
		BD96A5AE1CF0ABBA00231DA8 /* Attributes */ = {
			isa = PBXGroup;
			children = (
				BD3997D11C68A8EA002B3E01 /* Alignment.swift */,
				BD3997D21C68A8EA002B3E01 /* Arrangement.swift */,
				BD3997D61C68A8EA002B3E01 /* Distribution.swift */,
				BD3997D71C68A8EA002B3E01 /* LineBreak.swift */,
				BDF256D71CF91FA60020F864 /* Overflow.swift */,
			);
			name = Attributes;
			sourceTree = "<group>";
		};
		BD96A5B11CF0EF5200231DA8 /* Extensions */ = {
			isa = PBXGroup;
			children = (
				BD96A5AF1CF0E57D00231DA8 /* Quartz+Drawing.swift */,
			);
			name = Extensions;
			sourceTree = "<group>";
		};
		BDDA24411CA4BCDF00E89901 /* Utility */ = {
			isa = PBXGroup;
			children = (
				BDDA243D1CA4ADA800E89901 /* ParentNodeIterator.swift */,
			);
			name = Utility;
			sourceTree = "<group>";
		};
		BDE8A7991C95D52F00EAF68D /* Playgrounds */ = {
			isa = PBXGroup;
			children = (
				BDE8A79A1C95D56700EAF68D /* mac.playground */,
				BD2142281CFD079D00D3CD58 /* ios.playground */,
			);
			path = Playgrounds;
			sourceTree = "<group>";
		};
		BDF790E81D17409D003887E7 /* Geometry */ = {
			isa = PBXGroup;
			children = (
				BDF790EF1D17426C003887E7 /* Point+Arrangement.swift */,
				BDF790E91D1740C2003887E7 /* Size+Arrangement.swift */,
				BDF790ED1D17422E003887E7 /* Space+Alignment.swift */,
				BDF790EB1D174131003887E7 /* Space+Arrangement.swift */,
			);
			name = Geometry;
			sourceTree = "<group>";
		};
/* End PBXGroup section */

/* Begin PBXNativeTarget section */
		BD1FE1F11C4FF00E005F95D3 /* UI */ = {
			isa = PBXNativeTarget;
			buildConfigurationList = BD1FE1FA1C4FF00E005F95D3 /* Build configuration list for PBXNativeTarget "UI" */;
			buildPhases = (
				BD1FE1ED1C4FF00E005F95D3 /* Sources */,
				BD51E2851D172CCB002221F2 /* Frameworks */,
			);
			buildRules = (
			);
			dependencies = (
			);
			name = UI;
			productName = UI;
			productReference = BD1FE1F21C4FF00E005F95D3 /* UI.framework */;
			productType = "com.apple.product-type.framework";
		};
		BD1FE20E1C4FF402005F95D3 /* Tests */ = {
			isa = PBXNativeTarget;
			buildConfigurationList = BD1FE2141C4FF402005F95D3 /* Build configuration list for PBXNativeTarget "Tests" */;
			buildPhases = (
				BD1FE20B1C4FF402005F95D3 /* Sources */,
				BD1FE20C1C4FF402005F95D3 /* Frameworks */,
			);
			buildRules = (
			);
			dependencies = (
				BDD4320A1D08C27B0011F255 /* PBXTargetDependency */,
			);
			name = Tests;
			productName = Tests;
			productReference = BD1FE20F1C4FF402005F95D3 /* Tests.xctest */;
			productType = "com.apple.product-type.bundle.unit-test";
		};
/* End PBXNativeTarget section */

/* Begin PBXProject section */
		BD1FE1E91C4FF00E005F95D3 /* Project object */ = {
			isa = PBXProject;
			attributes = {
				LastSwiftUpdateCheck = 0720;
				LastUpgradeCheck = 0720;
				ORGANIZATIONNAME = "Felix Gabel";
				TargetAttributes = {
					BD1FE1F11C4FF00E005F95D3 = {
						CreatedOnToolsVersion = 7.2;
						DevelopmentTeam = MMDS6BCK8S;
						DevelopmentTeamName = "Felix Gabel";
						LastSwiftMigration = 0800;
						ProvisioningStyle = Automatic;
					};
					BD1FE20E1C4FF402005F95D3 = {
						CreatedOnToolsVersion = 7.2;
						DevelopmentTeam = MMDS6BCK8S;
						DevelopmentTeamName = "Felix Gabel";
						ProvisioningStyle = Automatic;
					};
				};
			};
			buildConfigurationList = BD1FE1EC1C4FF00E005F95D3 /* Build configuration list for PBXProject "UI" */;
			compatibilityVersion = "Xcode 3.2";
			developmentRegion = English;
			hasScannedForEncodings = 0;
			knownRegions = (
				en,
			);
			mainGroup = BD1FE1E81C4FF00E005F95D3;
			productRefGroup = BD1FE1F31C4FF00E005F95D3 /* Products */;
			projectDirPath = "";
			projectRoot = "";
			targets = (
				BD1FE1F11C4FF00E005F95D3 /* UI */,
				BD1FE20E1C4FF402005F95D3 /* Tests */,
			);
		};
/* End PBXProject section */

/* Begin PBXSourcesBuildPhase section */
		BD1FE1ED1C4FF00E005F95D3 /* Sources */ = {
			isa = PBXSourcesBuildPhase;
			buildActionMask = 2147483647;
			files = (
				BD8EB90C1CB920C0001ACCA6 /* ComponentLayout.swift in Sources */,
				BD82266A1C936E0300D807A3 /* Renderer.swift in Sources */,
				BD3997E11C68A8EA002B3E01 /* LineBreak.swift in Sources */,
				BD3997DC1C68A8EA002B3E01 /* Arrangement.swift in Sources */,
				BDDA243E1CA4ADA800E89901 /* ParentNodeIterator.swift in Sources */,
				BD3997DE1C68A8EA002B3E01 /* Composer.swift in Sources */,
				BDF790EE1D17422E003887E7 /* Space+Alignment.swift in Sources */,
				BDF256D81CF91FA60020F864 /* Overflow.swift in Sources */,
				BD3997DF1C68A8EA002B3E01 /* Container.swift in Sources */,
				BD3997E01C68A8EA002B3E01 /* Distribution.swift in Sources */,
				BD3997E31C68A8EA002B3E01 /* View.swift in Sources */,
				BD3997DD1C68A8EA002B3E01 /* Component.swift in Sources */,
				BD3997DB1C68A8EA002B3E01 /* Alignment.swift in Sources */,
				BD96A5B01CF0E57D00231DA8 /* Quartz+Drawing.swift in Sources */,
				BDF790F01D17426C003887E7 /* Point+Arrangement.swift in Sources */,
				BDF790EA1D1740C2003887E7 /* Size+Arrangement.swift in Sources */,
				BD294AC21CDD429900A8716A /* ContainerLayout.swift in Sources */,
				BD8226671C936DD700D807A3 /* Scene.swift in Sources */,
				BD7ACBD41CEE6C2C0067C6FC /* Style.swift in Sources */,
				BD8C94D41CD7FCFF006C009E /* FlexibleLayoutEnumerator.swift in Sources */,
				BD8C94D61CD7FD12006C009E /* FlexibleLayoutIterator.swift in Sources */,
				BD8226661C936DD700D807A3 /* Node.swift in Sources */,
				BD96A5AD1CF0AB1700231DA8 /* Layout.swift in Sources */,
				BD526D251C9759530075684E /* QuartzViewController.swift in Sources */,
				BD294AC01CDD421900A8716A /* SizeCalculator.swift in Sources */,
				BD2142211CFCFF6000D3CD58 /* QuartzViewController.ios.swift in Sources */,
				BDF790EC1D174131003887E7 /* Space+Arrangement.swift in Sources */,
				BD8EB9051CB86A59001ACCA6 /* LayoutCalculator.swift in Sources */,
				BD526D231C97510F0075684E /* QuartzRenderer.swift in Sources */,
				BD9648141CEFB2D100D3F478 /* Visual.swift in Sources */,
				BD21421F1CFCFBD800D3CD58 /* QuartzViewController.mac.swift in Sources */,
			);
			runOnlyForDeploymentPostprocessing = 0;
		};
		BD1FE20B1C4FF402005F95D3 /* Sources */ = {
			isa = PBXSourcesBuildPhase;
			buildActionMask = 2147483647;
			files = (
			);
			runOnlyForDeploymentPostprocessing = 0;
		};
/* End PBXSourcesBuildPhase section */

/* Begin PBXTargetDependency section */
		BDD4320A1D08C27B0011F255 /* PBXTargetDependency */ = {
			isa = PBXTargetDependency;
			target = BD1FE1F11C4FF00E005F95D3 /* UI */;
			targetProxy = BDD432091D08C27B0011F255 /* PBXContainerItemProxy */;
		};
/* End PBXTargetDependency section */

/* Begin XCBuildConfiguration section */
		BD1FE1F81C4FF00E005F95D3 /* Debug */ = {
			isa = XCBuildConfiguration;
			baseConfigurationReference = BD51E2821D172618002221F2 /* Base.xcconfig */;
			buildSettings = {
				ALWAYS_SEARCH_USER_PATHS = NO;
				CLANG_CXX_LANGUAGE_STANDARD = "gnu++0x";
				CLANG_CXX_LIBRARY = "libc++";
				CLANG_ENABLE_MODULES = YES;
				CLANG_ENABLE_OBJC_ARC = YES;
				CLANG_WARN_BOOL_CONVERSION = YES;
				CLANG_WARN_CONSTANT_CONVERSION = YES;
				CLANG_WARN_DIRECT_OBJC_ISA_USAGE = YES_ERROR;
				CLANG_WARN_EMPTY_BODY = YES;
				CLANG_WARN_ENUM_CONVERSION = YES;
				CLANG_WARN_INT_CONVERSION = YES;
				CLANG_WARN_OBJC_ROOT_CLASS = YES_ERROR;
				CLANG_WARN_UNREACHABLE_CODE = YES;
				CLANG_WARN__DUPLICATE_METHOD_MATCH = YES;
				COPY_PHASE_STRIP = NO;
				CURRENT_PROJECT_VERSION = 1;
				DEBUG_INFORMATION_FORMAT = dwarf;
				ENABLE_STRICT_OBJC_MSGSEND = YES;
				ENABLE_TESTABILITY = YES;
				GCC_C_LANGUAGE_STANDARD = gnu99;
				GCC_DYNAMIC_NO_PIC = NO;
				GCC_NO_COMMON_BLOCKS = YES;
				GCC_OPTIMIZATION_LEVEL = 0;
				GCC_PREPROCESSOR_DEFINITIONS = (
					"DEBUG=1",
					"$(inherited)",
				);
				GCC_WARN_64_TO_32_BIT_CONVERSION = YES;
				GCC_WARN_ABOUT_RETURN_TYPE = YES_ERROR;
				GCC_WARN_UNDECLARED_SELECTOR = YES;
				GCC_WARN_UNINITIALIZED_AUTOS = YES_AGGRESSIVE;
				GCC_WARN_UNUSED_FUNCTION = YES;
				GCC_WARN_UNUSED_VARIABLE = YES;
				MTL_ENABLE_DEBUG_INFO = YES;
				ONLY_ACTIVE_ARCH = YES;
				SDKROOT = iphoneos;
				SWIFT_OPTIMIZATION_LEVEL = "-Onone";
				TARGETED_DEVICE_FAMILY = "1,2";
				VERSIONING_SYSTEM = "apple-generic";
				VERSION_INFO_PREFIX = "";
			};
			name = Debug;
		};
		BD1FE1F91C4FF00E005F95D3 /* Release */ = {
			isa = XCBuildConfiguration;
			baseConfigurationReference = BD51E2821D172618002221F2 /* Base.xcconfig */;
			buildSettings = {
				ALWAYS_SEARCH_USER_PATHS = NO;
				CLANG_CXX_LANGUAGE_STANDARD = "gnu++0x";
				CLANG_CXX_LIBRARY = "libc++";
				CLANG_ENABLE_MODULES = YES;
				CLANG_ENABLE_OBJC_ARC = YES;
				CLANG_WARN_BOOL_CONVERSION = YES;
				CLANG_WARN_CONSTANT_CONVERSION = YES;
				CLANG_WARN_DIRECT_OBJC_ISA_USAGE = YES_ERROR;
				CLANG_WARN_EMPTY_BODY = YES;
				CLANG_WARN_ENUM_CONVERSION = YES;
				CLANG_WARN_INT_CONVERSION = YES;
				CLANG_WARN_OBJC_ROOT_CLASS = YES_ERROR;
				CLANG_WARN_UNREACHABLE_CODE = YES;
				CLANG_WARN__DUPLICATE_METHOD_MATCH = YES;
				COPY_PHASE_STRIP = NO;
				CURRENT_PROJECT_VERSION = 1;
				DEBUG_INFORMATION_FORMAT = "dwarf-with-dsym";
				ENABLE_NS_ASSERTIONS = NO;
				ENABLE_STRICT_OBJC_MSGSEND = YES;
				GCC_C_LANGUAGE_STANDARD = gnu99;
				GCC_NO_COMMON_BLOCKS = YES;
				GCC_WARN_64_TO_32_BIT_CONVERSION = YES;
				GCC_WARN_ABOUT_RETURN_TYPE = YES_ERROR;
				GCC_WARN_UNDECLARED_SELECTOR = YES;
				GCC_WARN_UNINITIALIZED_AUTOS = YES_AGGRESSIVE;
				GCC_WARN_UNUSED_FUNCTION = YES;
				GCC_WARN_UNUSED_VARIABLE = YES;
				MTL_ENABLE_DEBUG_INFO = NO;
				SDKROOT = iphoneos;
				TARGETED_DEVICE_FAMILY = "1,2";
				VALIDATE_PRODUCT = YES;
				VERSIONING_SYSTEM = "apple-generic";
				VERSION_INFO_PREFIX = "";
			};
			name = Release;
		};
		BD1FE1FB1C4FF00E005F95D3 /* Debug */ = {
			isa = XCBuildConfiguration;
			buildSettings = {
				CLANG_ENABLE_MODULES = YES;
				"CODE_SIGN_IDENTITY[sdk=iphoneos*]" = "iPhone Developer";
				DEFINES_MODULE = YES;
				DYLIB_COMPATIBILITY_VERSION = 1;
				DYLIB_CURRENT_VERSION = 1;
				DYLIB_INSTALL_NAME_BASE = "@rpath";
				INFOPLIST_FILE = Info.plist;
				INSTALL_PATH = "$(LOCAL_LIBRARY_DIR)/Frameworks";
				LD_RUNPATH_SEARCH_PATHS = "$(inherited) @executable_path/Frameworks @loader_path/Frameworks";
				PRODUCT_BUNDLE_IDENTIFIER = com.felixgbabel.UI;
				PRODUCT_NAME = "$(TARGET_NAME)";
				PROVISIONING_PROFILE_SPECIFIER = "";
				SKIP_INSTALL = YES;
				SWIFT_OPTIMIZATION_LEVEL = "-Onone";
				SWIFT_VERSION = 3.0;
			};
			name = Debug;
		};
		BD1FE1FC1C4FF00E005F95D3 /* Release */ = {
			isa = XCBuildConfiguration;
			buildSettings = {
				CLANG_ENABLE_MODULES = YES;
				"CODE_SIGN_IDENTITY[sdk=iphoneos*]" = "iPhone Developer";
				DEFINES_MODULE = YES;
				DYLIB_COMPATIBILITY_VERSION = 1;
				DYLIB_CURRENT_VERSION = 1;
				DYLIB_INSTALL_NAME_BASE = "@rpath";
				INFOPLIST_FILE = Info.plist;
				INSTALL_PATH = "$(LOCAL_LIBRARY_DIR)/Frameworks";
				LD_RUNPATH_SEARCH_PATHS = "$(inherited) @executable_path/Frameworks @loader_path/Frameworks";
				PRODUCT_BUNDLE_IDENTIFIER = com.felixgbabel.UI;
				PRODUCT_NAME = "$(TARGET_NAME)";
				SKIP_INSTALL = YES;
				SWIFT_VERSION = 3.0;
			};
			name = Release;
		};
		BD1FE2151C4FF402005F95D3 /* Debug */ = {
			isa = XCBuildConfiguration;
			buildSettings = {
				CLANG_ENABLE_MODULES = YES;
				CODE_SIGN_IDENTITY = "Mac Developer";
				COMBINE_HIDPI_IMAGES = YES;
				INFOPLIST_FILE = Tests/Info.plist;
				LD_RUNPATH_SEARCH_PATHS = "$(inherited) @executable_path/../Frameworks @loader_path/../Frameworks";
				MACOSX_DEPLOYMENT_TARGET = 10.11;
				PRODUCT_BUNDLE_IDENTIFIER = com.felixgbabel.Tests;
				PRODUCT_NAME = "$(TARGET_NAME)";
				SDKROOT = macosx;
				SWIFT_OPTIMIZATION_LEVEL = "-Onone";
			};
			name = Debug;
		};
		BD1FE2161C4FF402005F95D3 /* Release */ = {
			isa = XCBuildConfiguration;
			buildSettings = {
				CLANG_ENABLE_MODULES = YES;
				CODE_SIGN_IDENTITY = "Mac Developer";
				COMBINE_HIDPI_IMAGES = YES;
				INFOPLIST_FILE = Tests/Info.plist;
				LD_RUNPATH_SEARCH_PATHS = "$(inherited) @executable_path/../Frameworks @loader_path/../Frameworks";
				MACOSX_DEPLOYMENT_TARGET = 10.11;
				PRODUCT_BUNDLE_IDENTIFIER = com.felixgbabel.Tests;
				PRODUCT_NAME = "$(TARGET_NAME)";
				SDKROOT = macosx;
			};
			name = Release;
		};
/* End XCBuildConfiguration section */

/* Begin XCConfigurationList section */
		BD1FE1EC1C4FF00E005F95D3 /* Build configuration list for PBXProject "UI" */ = {
			isa = XCConfigurationList;
			buildConfigurations = (
				BD1FE1F81C4FF00E005F95D3 /* Debug */,
				BD1FE1F91C4FF00E005F95D3 /* Release */,
			);
			defaultConfigurationIsVisible = 0;
			defaultConfigurationName = Release;
		};
		BD1FE1FA1C4FF00E005F95D3 /* Build configuration list for PBXNativeTarget "UI" */ = {
			isa = XCConfigurationList;
			buildConfigurations = (
				BD1FE1FB1C4FF00E005F95D3 /* Debug */,
				BD1FE1FC1C4FF00E005F95D3 /* Release */,
			);
			defaultConfigurationIsVisible = 0;
			defaultConfigurationName = Release;
		};
		BD1FE2141C4FF402005F95D3 /* Build configuration list for PBXNativeTarget "Tests" */ = {
			isa = XCConfigurationList;
			buildConfigurations = (
				BD1FE2151C4FF402005F95D3 /* Debug */,
				BD1FE2161C4FF402005F95D3 /* Release */,
			);
			defaultConfigurationIsVisible = 0;
			defaultConfigurationName = Release;
		};
/* End XCConfigurationList section */
	};
	rootObject = BD1FE1E91C4FF00E005F95D3 /* Project object */;
}
