// !$*UTF8*$!
{
	archiveVersion = 1;
	classes = {
	};
	objectVersion = 48;
	objects = {

/* Begin PBXBuildFile section */
		BD0902DD1FE7BF62009DB9A8 /* Arrangeable.swift in Sources */ = {isa = PBXBuildFile; fileRef = BD0902DC1FE7BF62009DB9A8 /* Arrangeable.swift */; };
		BD0902DF1FE7BF9E009DB9A8 /* Alignable.swift in Sources */ = {isa = PBXBuildFile; fileRef = BD0902DE1FE7BF9E009DB9A8 /* Alignable.swift */; };
		BD1861EE1FED6A2F00BD351E /* Apple.Renderer.swift in Sources */ = {isa = PBXBuildFile; fileRef = BD1861ED1FED6A2F00BD351E /* Apple.Renderer.swift */; };
		BD1861F11FEE023800BD351E /* Apple.View.swift in Sources */ = {isa = PBXBuildFile; fileRef = BD1861F01FEE023800BD351E /* Apple.View.swift */; };
		BD3790A91F756C78008B12F6 /* Apple.macOS.swift in Sources */ = {isa = PBXBuildFile; fileRef = BDCE67C81E37E5D400FA45B6 /* Apple.macOS.swift */; };
		BD3790AA1F756C81008B12F6 /* Apple.iOS.swift in Sources */ = {isa = PBXBuildFile; fileRef = BDCE67C61E37E36D00FA45B6 /* Apple.iOS.swift */; };
		BD3E1C821F76AFA7008F2090 /* Change.swift in Sources */ = {isa = PBXBuildFile; fileRef = BD3E1C801F76A539008F2090 /* Change.swift */; };
		BD3E1C991F76BB5D008F2090 /* Arithmetic.swift in Sources */ = {isa = PBXBuildFile; fileRef = BD11854F1E28DA1900B98DD3 /* Arithmetic.swift */; };
		BD3E1C9A1F76BB5D008F2090 /* Geometry.swift in Sources */ = {isa = PBXBuildFile; fileRef = BD1185531E28DA1900B98DD3 /* Geometry.swift */; };
		BD3E1C9B1F76BB5D008F2090 /* Shape.swift in Sources */ = {isa = PBXBuildFile; fileRef = BD1185581E28DA1900B98DD3 /* Shape.swift */; };
		BD3E1C9C1F76BB5D008F2090 /* Axis.swift in Sources */ = {isa = PBXBuildFile; fileRef = BDDC72DB1F6E54AD002D1FED /* Axis.swift */; };
		BD3E1C9D1F76BB5D008F2090 /* Point.swift in Sources */ = {isa = PBXBuildFile; fileRef = BD1185561E28DA1900B98DD3 /* Point.swift */; };
		BD3E1C9E1F76BB5D008F2090 /* Size.swift in Sources */ = {isa = PBXBuildFile; fileRef = BD1185591E28DA1900B98DD3 /* Size.swift */; };
		BD3E1C9F1F76BB5D008F2090 /* Space.swift in Sources */ = {isa = PBXBuildFile; fileRef = BD11855A1E28DA1900B98DD3 /* Space.swift */; };
		BD3E1CA01F76BB5D008F2090 /* Line.swift in Sources */ = {isa = PBXBuildFile; fileRef = BD1185541E28DA1900B98DD3 /* Line.swift */; };
		BD3E1CA11F76BB5D008F2090 /* Path.swift in Sources */ = {isa = PBXBuildFile; fileRef = BD1185551E28DA1900B98DD3 /* Path.swift */; };
		BD3E1CA21F76BB5D008F2090 /* Rect.swift in Sources */ = {isa = PBXBuildFile; fileRef = BD1185571E28DA1900B98DD3 /* Rect.swift */; };
		BD3E1CA31F76BB5D008F2090 /* Transform.swift in Sources */ = {isa = PBXBuildFile; fileRef = BD11855B1E28DA1900B98DD3 /* Transform.swift */; };
		BD3E1CA41F76BB5D008F2090 /* Transformable.swift in Sources */ = {isa = PBXBuildFile; fileRef = BD11855C1E28DA1900B98DD3 /* Transformable.swift */; };
		BD3E1CA51F76BB5D008F2090 /* Float.swift in Sources */ = {isa = PBXBuildFile; fileRef = BD1185521E28DA1900B98DD3 /* Float.swift */; };
		BD3E1CA81F76BCEB008F2090 /* libGeometry.a in Frameworks */ = {isa = PBXBuildFile; fileRef = BD3E1C901F76BA98008F2090 /* libGeometry.a */; };
		BD3E1CB61F76C05B008F2090 /* libGeometry.a in Frameworks */ = {isa = PBXBuildFile; fileRef = BD3E1C901F76BA98008F2090 /* libGeometry.a */; };
		BD3E1CB71F76C065008F2090 /* libGraphics.a in Frameworks */ = {isa = PBXBuildFile; fileRef = BD3E1CAD1F76C023008F2090 /* libGraphics.a */; };
		BD3E1CB81F76C089008F2090 /* Drawable.swift in Sources */ = {isa = PBXBuildFile; fileRef = BD71815F1E758C4D00E801A1 /* Drawable.swift */; };
		BD3E1CBA1F76C089008F2090 /* Color.swift in Sources */ = {isa = PBXBuildFile; fileRef = BD1185731E290BC100B98DD3 /* Color.swift */; };
		BD3E1CBB1F76C089008F2090 /* Color+Components.swift in Sources */ = {isa = PBXBuildFile; fileRef = BD1185741E290BC100B98DD3 /* Color+Components.swift */; };
		BD3E1CBC1F76C089008F2090 /* Color+Gray.swift in Sources */ = {isa = PBXBuildFile; fileRef = BD1185751E290BC100B98DD3 /* Color+Gray.swift */; };
		BD3E1CBD1F76C089008F2090 /* Color+Hex.swift in Sources */ = {isa = PBXBuildFile; fileRef = BD1185761E290BC100B98DD3 /* Color+Hex.swift */; };
		BD3E1CBE1F76C089008F2090 /* Color+RGB.swift in Sources */ = {isa = PBXBuildFile; fileRef = BD1185781E290BC100B98DD3 /* Color+RGB.swift */; };
		BD3E1CBF1F76C089008F2090 /* Composition.swift in Sources */ = {isa = PBXBuildFile; fileRef = BD7181691E7605DC00E801A1 /* Composition.swift */; };
		BD3E1CC01F76C089008F2090 /* Composition+Convenience.swift in Sources */ = {isa = PBXBuildFile; fileRef = BD71816C1E760DD300E801A1 /* Composition+Convenience.swift */; };
		BD3E1CC11F76C089008F2090 /* Composition+Drawing.swift in Sources */ = {isa = PBXBuildFile; fileRef = BD807DA21E9B89DB00C03492 /* Composition+Drawing.swift */; };
		BD3E1CC21F76C089008F2090 /* Composition+Transform.swift in Sources */ = {isa = PBXBuildFile; fileRef = BD807DA41E9B8BEF00C03492 /* Composition+Transform.swift */; };
		BD3E1CC31F76C089008F2090 /* Blending.swift in Sources */ = {isa = PBXBuildFile; fileRef = BD807DAA1E9C8CDA00C03492 /* Blending.swift */; };
		BD3E1CC41F76C089008F2090 /* Border.swift in Sources */ = {isa = PBXBuildFile; fileRef = BD1185721E290BC100B98DD3 /* Border.swift */; };
		BD3E1CC51F76C089008F2090 /* Gradient.swift in Sources */ = {isa = PBXBuildFile; fileRef = BD11857A1E290BC100B98DD3 /* Gradient.swift */; };
		BD3E1CC61F76C089008F2090 /* Image.swift in Sources */ = {isa = PBXBuildFile; fileRef = BD11857B1E290BC100B98DD3 /* Image.swift */; };
		BD3E1CC71F76C089008F2090 /* Paint.swift in Sources */ = {isa = PBXBuildFile; fileRef = BD11857D1E290BC100B98DD3 /* Paint.swift */; };
		BD3E1CC81F76C089008F2090 /* Shadow.swift in Sources */ = {isa = PBXBuildFile; fileRef = BD1185811E290BC100B98DD3 /* Shadow.swift */; };
		BD3E1CC91F76C089008F2090 /* Stroke.swift in Sources */ = {isa = PBXBuildFile; fileRef = BDD5E2F01ED2CABB0005705F /* Stroke.swift */; };
		BD3E1CCD1F76C089008F2090 /* Text.swift in Sources */ = {isa = PBXBuildFile; fileRef = BD1185831E290BC100B98DD3 /* Text.swift */; };
		BD3E1CCE1F76C089008F2090 /* Font.swift in Sources */ = {isa = PBXBuildFile; fileRef = BD1185791E290BC100B98DD3 /* Font.swift */; };
		BD3E1CCF1F76C089008F2090 /* LineBreak.swift in Sources */ = {isa = PBXBuildFile; fileRef = BD11857C1E290BC100B98DD3 /* LineBreak.swift */; };
		BD3E1CD01F76C089008F2090 /* ParagraphStyle.swift in Sources */ = {isa = PBXBuildFile; fileRef = BD11857E1E290BC100B98DD3 /* ParagraphStyle.swift */; };
		BD3E1CE51F76C532008F2090 /* Ligatures.swift in Sources */ = {isa = PBXBuildFile; fileRef = BD3E1CE41F76C532008F2090 /* Ligatures.swift */; };
		BD3E1CEE1F774BD4008F2090 /* Alignment.swift in Sources */ = {isa = PBXBuildFile; fileRef = BD3E1CED1F774BD4008F2090 /* Alignment.swift */; };
		BD3E1CF01F774C2B008F2090 /* Decoration.swift in Sources */ = {isa = PBXBuildFile; fileRef = BD3E1CEF1F774C2B008F2090 /* Decoration.swift */; };
		BD3E1CF21F774C91008F2090 /* Direction.swift in Sources */ = {isa = PBXBuildFile; fileRef = BD3E1CF11F774C91008F2090 /* Direction.swift */; };
		BD3E1D001F77582F008F2090 /* libGeometry.a in Frameworks */ = {isa = PBXBuildFile; fileRef = BD3E1C901F76BA98008F2090 /* libGeometry.a */; };
		BD3E1D011F775874008F2090 /* Container.swift in Sources */ = {isa = PBXBuildFile; fileRef = BDB0399C1F3B6361003771B9 /* Container.swift */; };
		BD3E1D021F77587D008F2090 /* Item.swift in Sources */ = {isa = PBXBuildFile; fileRef = BDB0399E1F3B636E003771B9 /* Item.swift */; };
		BD3E1D031F77587D008F2090 /* Alignment.swift in Sources */ = {isa = PBXBuildFile; fileRef = BD3997D11C68A8EA002B3E01 /* Alignment.swift */; };
		BD3E1D041F77587D008F2090 /* Arrangement.swift in Sources */ = {isa = PBXBuildFile; fileRef = BD3997D21C68A8EA002B3E01 /* Arrangement.swift */; };
		BD3E1D051F77587D008F2090 /* Distribution.swift in Sources */ = {isa = PBXBuildFile; fileRef = BD3997D61C68A8EA002B3E01 /* Distribution.swift */; };
		BD3E1D061F77587D008F2090 /* Overflow.swift in Sources */ = {isa = PBXBuildFile; fileRef = BDF256D71CF91FA60020F864 /* Overflow.swift */; };
		BD3E1D091F7758AC008F2090 /* libLayout.a in Frameworks */ = {isa = PBXBuildFile; fileRef = BD3E1CF71F7757DA008F2090 /* libLayout.a */; };
		BD3E1D0C1F77A3A6008F2090 /* Lifecycle.swift in Sources */ = {isa = PBXBuildFile; fileRef = BD3E1D0A1F77A387008F2090 /* Lifecycle.swift */; };
		BD74FE321FE42C2C00434AF7 /* Update.swift in Sources */ = {isa = PBXBuildFile; fileRef = BD74FE311FE42C2C00434AF7 /* Update.swift */; };
		BD789DD41FD4695800DD474D /* View.swift in Sources */ = {isa = PBXBuildFile; fileRef = BD9C7F801EC6F752006F0F1A /* View.swift */; };
		BD789DD71FD55FDE00DD474D /* Block.swift in Sources */ = {isa = PBXBuildFile; fileRef = BD789DD51FD55FB800DD474D /* Block.swift */; };
		BD7AE61D1FE55C9200CD7862 /* Viewable.swift in Sources */ = {isa = PBXBuildFile; fileRef = BD7AE61B1FE55BF700CD7862 /* Viewable.swift */; };
		BD7AE6291FE634DA00CD7862 /* Layout.swift in Sources */ = {isa = PBXBuildFile; fileRef = BD7AE6281FE634DA00CD7862 /* Layout.swift */; };
		BD9103D81E2CD658009BFD4F /* BorderTests.swift in Sources */ = {isa = PBXBuildFile; fileRef = BD9103CC1E2CD658009BFD4F /* BorderTests.swift */; };
		BD9103D91E2CD658009BFD4F /* ColorTests.swift in Sources */ = {isa = PBXBuildFile; fileRef = BD9103CD1E2CD658009BFD4F /* ColorTests.swift */; };
		BD9103DA1E2CD658009BFD4F /* DimensionsTests.swift in Sources */ = {isa = PBXBuildFile; fileRef = BD9103CE1E2CD658009BFD4F /* DimensionsTests.swift */; };
		BD9103DB1E2CD658009BFD4F /* EdgesTests.swift in Sources */ = {isa = PBXBuildFile; fileRef = BD9103CF1E2CD658009BFD4F /* EdgesTests.swift */; };
		BD9103DC1E2CD658009BFD4F /* FontTests.swift in Sources */ = {isa = PBXBuildFile; fileRef = BD9103D01E2CD658009BFD4F /* FontTests.swift */; };
		BD9103DD1E2CD658009BFD4F /* PointTests.swift in Sources */ = {isa = PBXBuildFile; fileRef = BD9103D11E2CD658009BFD4F /* PointTests.swift */; };
		BD9103DE1E2CD658009BFD4F /* RealTests.swift in Sources */ = {isa = PBXBuildFile; fileRef = BD9103D21E2CD658009BFD4F /* RealTests.swift */; };
		BD9103DF1E2CD658009BFD4F /* RectTests.swift in Sources */ = {isa = PBXBuildFile; fileRef = BD9103D31E2CD658009BFD4F /* RectTests.swift */; };
		BD9103E01E2CD658009BFD4F /* ShadowTests.swift in Sources */ = {isa = PBXBuildFile; fileRef = BD9103D41E2CD658009BFD4F /* ShadowTests.swift */; };
		BD9103E11E2CD658009BFD4F /* SizeTests.swift in Sources */ = {isa = PBXBuildFile; fileRef = BD9103D51E2CD658009BFD4F /* SizeTests.swift */; };
		BD9103E21E2CD658009BFD4F /* SpaceTests.swift in Sources */ = {isa = PBXBuildFile; fileRef = BD9103D61E2CD658009BFD4F /* SpaceTests.swift */; };
		BD9103E31E2CD658009BFD4F /* TransformTests.swift in Sources */ = {isa = PBXBuildFile; fileRef = BD9103D71E2CD658009BFD4F /* TransformTests.swift */; };
		BDB3489C1FEA1CF300D9D670 /* Style.swift in Sources */ = {isa = PBXBuildFile; fileRef = BD7ACBD31CEE6C2C0067C6FC /* Style.swift */; };
		BDB3489E1FEA1DA300D9D670 /* Style+Item.swift in Sources */ = {isa = PBXBuildFile; fileRef = BDB3489D1FEA1DA300D9D670 /* Style+Item.swift */; };
		BDB348A01FEA1DB600D9D670 /* Style+Element.swift in Sources */ = {isa = PBXBuildFile; fileRef = BDB3489F1FEA1DB600D9D670 /* Style+Element.swift */; };
		BDB348A41FEA376300D9D670 /* Style+Viewable.swift in Sources */ = {isa = PBXBuildFile; fileRef = BD4003451E2C274500AB2442 /* Style+Viewable.swift */; };
		BDB6AEFB1FE75985009C5EBA /* Dimension.swift in Sources */ = {isa = PBXBuildFile; fileRef = BDB6AEF91FE7591E009C5EBA /* Dimension.swift */; };
		BDBDBAAD1F75467D004EB183 /* Component.swift in Sources */ = {isa = PBXBuildFile; fileRef = BD3997D31C68A8EA002B3E01 /* Component.swift */; };
		BDBDBAAE1F75467D004EB183 /* Element.swift in Sources */ = {isa = PBXBuildFile; fileRef = BDB0399A1F3B62CC003771B9 /* Element.swift */; };
		BDBDBAAF1F75467D004EB183 /* Scope.swift in Sources */ = {isa = PBXBuildFile; fileRef = BDF1D49C1F2437C80054265C /* Scope.swift */; };
		BDBDBAB41F75467D004EB183 /* Style+Container.swift in Sources */ = {isa = PBXBuildFile; fileRef = BD4003401E2C22BF00AB2442 /* Style+Container.swift */; };
		BDBDBAB91F75467D004EB183 /* Application.swift in Sources */ = {isa = PBXBuildFile; fileRef = BDE17C7F1E34BB33006D80C7 /* Application.swift */; };
		BDBDBABA1F75467D004EB183 /* Window.swift in Sources */ = {isa = PBXBuildFile; fileRef = BDE17C781E33FD37006D80C7 /* Window.swift */; };
		BDBDBABC1F75467D004EB183 /* Node.swift in Sources */ = {isa = PBXBuildFile; fileRef = BD8226641C936DD700D807A3 /* Node.swift */; };
		BDBDBABD1F75467D004EB183 /* Scene.swift in Sources */ = {isa = PBXBuildFile; fileRef = BD8226651C936DD700D807A3 /* Scene.swift */; };
		BDBDBAC01F75467D004EB183 /* Text.swift in Sources */ = {isa = PBXBuildFile; fileRef = BDC7347D1EED0CA700F955E9 /* Text.swift */; };
		BDBDBAC41F75467D004EB183 /* Event.swift in Sources */ = {isa = PBXBuildFile; fileRef = BDF1D4A41F2B8F7C0054265C /* Event.swift */; };
		BDBDBAC61F75467D004EB183 /* Responder.swift in Sources */ = {isa = PBXBuildFile; fileRef = BDF1D4A61F2B8FA70054265C /* Responder.swift */; };
		BDBDBAC71F75467D004EB183 /* Gesture.swift in Sources */ = {isa = PBXBuildFile; fileRef = BDF1D4AB1F2B917E0054265C /* Gesture.swift */; };
		BDBDBAC81F75467D004EB183 /* Pan.swift in Sources */ = {isa = PBXBuildFile; fileRef = BDC9F2D31F3E9C6B0035441D /* Pan.swift */; };
		BDBDBAC91F75467D004EB183 /* Pinch.swift in Sources */ = {isa = PBXBuildFile; fileRef = BDC9F2D51F3E9C950035441D /* Pinch.swift */; };
		BDBDBACA1F75467D004EB183 /* Scroll.swift in Sources */ = {isa = PBXBuildFile; fileRef = BDC9F2D71F3E9CAC0035441D /* Scroll.swift */; };
		BDBDBAD61F75467D004EB183 /* Touch.swift in Sources */ = {isa = PBXBuildFile; fileRef = BDF1D4AD1F2B91B60054265C /* Touch.swift */; };
		BDBDBB151F75467D004EB183 /* Apple.ViewController.iOS.swift in Sources */ = {isa = PBXBuildFile; fileRef = BD2142201CFCFF6000D3CD58 /* Apple.ViewController.iOS.swift */; };
		BDBDBB161F75467D004EB183 /* Apple.ViewController.macOS.swift in Sources */ = {isa = PBXBuildFile; fileRef = BD21421E1CFCFBD800D3CD58 /* Apple.ViewController.macOS.swift */; };
		BDBDBB181F75467D004EB183 /* CoreGraphics.swift in Sources */ = {isa = PBXBuildFile; fileRef = BD4A6AAC1E7C4E83000E8921 /* CoreGraphics.swift */; };
		BDBDBB191F75467D004EB183 /* AppKit.swift in Sources */ = {isa = PBXBuildFile; fileRef = BDE59CB81F2C3031006DEC89 /* AppKit.swift */; };
		BDBDBB1C1F75467D004EB183 /* CoreAnimation.swift in Sources */ = {isa = PBXBuildFile; fileRef = BD479BFE1E804139008742B2 /* CoreAnimation.swift */; };
		BDBDBB1D1F75467D004EB183 /* CoreText.swift in Sources */ = {isa = PBXBuildFile; fileRef = BDD5E2FB1EDA94CE0005705F /* CoreText.swift */; };
		BDD4DD081FEE85B500C568EF /* Events.iOS.swift in Sources */ = {isa = PBXBuildFile; fileRef = BDD4DD071FEE85B500C568EF /* Events.iOS.swift */; };
		BDDD083E1FE42243001985AD /* ChangeSet.swift in Sources */ = {isa = PBXBuildFile; fileRef = BDDD083C1FE42189001985AD /* ChangeSet.swift */; };
		BDF82B891FEB6BAD00FE30D2 /* Calculator.swift in Sources */ = {isa = PBXBuildFile; fileRef = BDF82B881FEB6BAD00FE30D2 /* Calculator.swift */; };
/* End PBXBuildFile section */

/* Begin PBXFileReference section */
		BD0902DC1FE7BF62009DB9A8 /* Arrangeable.swift */ = {isa = PBXFileReference; lastKnownFileType = sourcecode.swift; path = Arrangeable.swift; sourceTree = "<group>"; };
		BD0902DE1FE7BF9E009DB9A8 /* Alignable.swift */ = {isa = PBXFileReference; lastKnownFileType = sourcecode.swift; path = Alignable.swift; sourceTree = "<group>"; };
		BD11854F1E28DA1900B98DD3 /* Arithmetic.swift */ = {isa = PBXFileReference; fileEncoding = 4; lastKnownFileType = sourcecode.swift; path = Arithmetic.swift; sourceTree = "<group>"; };
		BD1185521E28DA1900B98DD3 /* Float.swift */ = {isa = PBXFileReference; fileEncoding = 4; lastKnownFileType = sourcecode.swift; path = Float.swift; sourceTree = "<group>"; };
		BD1185531E28DA1900B98DD3 /* Geometry.swift */ = {isa = PBXFileReference; fileEncoding = 4; lastKnownFileType = sourcecode.swift; path = Geometry.swift; sourceTree = "<group>"; };
		BD1185541E28DA1900B98DD3 /* Line.swift */ = {isa = PBXFileReference; fileEncoding = 4; lastKnownFileType = sourcecode.swift; path = Line.swift; sourceTree = "<group>"; };
		BD1185551E28DA1900B98DD3 /* Path.swift */ = {isa = PBXFileReference; fileEncoding = 4; lastKnownFileType = sourcecode.swift; path = Path.swift; sourceTree = "<group>"; };
		BD1185561E28DA1900B98DD3 /* Point.swift */ = {isa = PBXFileReference; fileEncoding = 4; lastKnownFileType = sourcecode.swift; path = Point.swift; sourceTree = "<group>"; };
		BD1185571E28DA1900B98DD3 /* Rect.swift */ = {isa = PBXFileReference; fileEncoding = 4; lastKnownFileType = sourcecode.swift; path = Rect.swift; sourceTree = "<group>"; };
		BD1185581E28DA1900B98DD3 /* Shape.swift */ = {isa = PBXFileReference; fileEncoding = 4; lastKnownFileType = sourcecode.swift; path = Shape.swift; sourceTree = "<group>"; };
		BD1185591E28DA1900B98DD3 /* Size.swift */ = {isa = PBXFileReference; fileEncoding = 4; lastKnownFileType = sourcecode.swift; path = Size.swift; sourceTree = "<group>"; };
		BD11855A1E28DA1900B98DD3 /* Space.swift */ = {isa = PBXFileReference; fileEncoding = 4; lastKnownFileType = sourcecode.swift; path = Space.swift; sourceTree = "<group>"; };
		BD11855B1E28DA1900B98DD3 /* Transform.swift */ = {isa = PBXFileReference; fileEncoding = 4; lastKnownFileType = sourcecode.swift; path = Transform.swift; sourceTree = "<group>"; };
		BD11855C1E28DA1900B98DD3 /* Transformable.swift */ = {isa = PBXFileReference; fileEncoding = 4; lastKnownFileType = sourcecode.swift; path = Transformable.swift; sourceTree = "<group>"; };
		BD1185721E290BC100B98DD3 /* Border.swift */ = {isa = PBXFileReference; fileEncoding = 4; lastKnownFileType = sourcecode.swift; path = Border.swift; sourceTree = "<group>"; };
		BD1185731E290BC100B98DD3 /* Color.swift */ = {isa = PBXFileReference; fileEncoding = 4; lastKnownFileType = sourcecode.swift; path = Color.swift; sourceTree = "<group>"; };
		BD1185741E290BC100B98DD3 /* Color+Components.swift */ = {isa = PBXFileReference; fileEncoding = 4; lastKnownFileType = sourcecode.swift; path = "Color+Components.swift"; sourceTree = "<group>"; };
		BD1185751E290BC100B98DD3 /* Color+Gray.swift */ = {isa = PBXFileReference; fileEncoding = 4; lastKnownFileType = sourcecode.swift; path = "Color+Gray.swift"; sourceTree = "<group>"; };
		BD1185761E290BC100B98DD3 /* Color+Hex.swift */ = {isa = PBXFileReference; fileEncoding = 4; lastKnownFileType = sourcecode.swift; path = "Color+Hex.swift"; sourceTree = "<group>"; };
		BD1185781E290BC100B98DD3 /* Color+RGB.swift */ = {isa = PBXFileReference; fileEncoding = 4; lastKnownFileType = sourcecode.swift; path = "Color+RGB.swift"; sourceTree = "<group>"; };
		BD1185791E290BC100B98DD3 /* Font.swift */ = {isa = PBXFileReference; fileEncoding = 4; lastKnownFileType = sourcecode.swift; path = Font.swift; sourceTree = "<group>"; };
		BD11857A1E290BC100B98DD3 /* Gradient.swift */ = {isa = PBXFileReference; fileEncoding = 4; lastKnownFileType = sourcecode.swift; path = Gradient.swift; sourceTree = "<group>"; };
		BD11857B1E290BC100B98DD3 /* Image.swift */ = {isa = PBXFileReference; fileEncoding = 4; lastKnownFileType = sourcecode.swift; path = Image.swift; sourceTree = "<group>"; };
		BD11857C1E290BC100B98DD3 /* LineBreak.swift */ = {isa = PBXFileReference; fileEncoding = 4; lastKnownFileType = sourcecode.swift; path = LineBreak.swift; sourceTree = "<group>"; };
		BD11857D1E290BC100B98DD3 /* Paint.swift */ = {isa = PBXFileReference; fileEncoding = 4; lastKnownFileType = sourcecode.swift; path = Paint.swift; sourceTree = "<group>"; };
		BD11857E1E290BC100B98DD3 /* ParagraphStyle.swift */ = {isa = PBXFileReference; fileEncoding = 4; lastKnownFileType = sourcecode.swift; path = ParagraphStyle.swift; sourceTree = "<group>"; };
		BD1185811E290BC100B98DD3 /* Shadow.swift */ = {isa = PBXFileReference; fileEncoding = 4; lastKnownFileType = sourcecode.swift; path = Shadow.swift; sourceTree = "<group>"; };
		BD1185831E290BC100B98DD3 /* Text.swift */ = {isa = PBXFileReference; fileEncoding = 4; lastKnownFileType = sourcecode.swift; path = Text.swift; sourceTree = "<group>"; };
		BD1861ED1FED6A2F00BD351E /* Apple.Renderer.swift */ = {isa = PBXFileReference; lastKnownFileType = sourcecode.swift; path = Apple.Renderer.swift; sourceTree = "<group>"; };
		BD1861F01FEE023800BD351E /* Apple.View.swift */ = {isa = PBXFileReference; lastKnownFileType = sourcecode.swift; path = Apple.View.swift; sourceTree = "<group>"; };
		BD1FE1FD1C4FF1A4005F95D3 /* LICENSE.md */ = {isa = PBXFileReference; fileEncoding = 4; lastKnownFileType = net.daringfireball.markdown; path = LICENSE.md; sourceTree = "<group>"; };
		BD1FE1FE1C4FF1A4005F95D3 /* README.md */ = {isa = PBXFileReference; fileEncoding = 4; lastKnownFileType = net.daringfireball.markdown; path = README.md; sourceTree = "<group>"; };
		BD1FE20F1C4FF402005F95D3 /* Tests.xctest */ = {isa = PBXFileReference; explicitFileType = wrapper.cfbundle; includeInIndex = 0; path = Tests.xctest; sourceTree = BUILT_PRODUCTS_DIR; };
		BD21421E1CFCFBD800D3CD58 /* Apple.ViewController.macOS.swift */ = {isa = PBXFileReference; fileEncoding = 4; lastKnownFileType = sourcecode.swift; path = Apple.ViewController.macOS.swift; sourceTree = "<group>"; };
		BD2142201CFCFF6000D3CD58 /* Apple.ViewController.iOS.swift */ = {isa = PBXFileReference; fileEncoding = 4; lastKnownFileType = sourcecode.swift; path = Apple.ViewController.iOS.swift; sourceTree = "<group>"; };
		BD2142281CFD079D00D3CD58 /* ios.playground */ = {isa = PBXFileReference; lastKnownFileType = file.playground; path = ios.playground; sourceTree = "<group>"; xcLanguageSpecificationIdentifier = xcode.lang.swift; };
		BD3997D11C68A8EA002B3E01 /* Alignment.swift */ = {isa = PBXFileReference; fileEncoding = 4; lastKnownFileType = sourcecode.swift; path = Alignment.swift; sourceTree = "<group>"; };
		BD3997D21C68A8EA002B3E01 /* Arrangement.swift */ = {isa = PBXFileReference; fileEncoding = 4; lastKnownFileType = sourcecode.swift; path = Arrangement.swift; sourceTree = "<group>"; };
		BD3997D31C68A8EA002B3E01 /* Component.swift */ = {isa = PBXFileReference; fileEncoding = 4; lastKnownFileType = sourcecode.swift; path = Component.swift; sourceTree = "<group>"; };
		BD3997D61C68A8EA002B3E01 /* Distribution.swift */ = {isa = PBXFileReference; fileEncoding = 4; lastKnownFileType = sourcecode.swift; path = Distribution.swift; sourceTree = "<group>"; };
		BD3C5E971F2F500600035D4D /* Pinch.Recognizer.swift */ = {isa = PBXFileReference; lastKnownFileType = sourcecode.swift; path = Pinch.Recognizer.swift; sourceTree = "<group>"; };
		BD3C5EA41F2F624400035D4D /* Scroll.Recognizer.swift */ = {isa = PBXFileReference; lastKnownFileType = sourcecode.swift; path = Scroll.Recognizer.swift; sourceTree = "<group>"; };
		BD3E1C801F76A539008F2090 /* Change.swift */ = {isa = PBXFileReference; lastKnownFileType = sourcecode.swift; path = Change.swift; sourceTree = "<group>"; };
		BD3E1C901F76BA98008F2090 /* libGeometry.a */ = {isa = PBXFileReference; explicitFileType = archive.ar; includeInIndex = 0; path = libGeometry.a; sourceTree = BUILT_PRODUCTS_DIR; };
		BD3E1CAD1F76C023008F2090 /* libGraphics.a */ = {isa = PBXFileReference; explicitFileType = archive.ar; includeInIndex = 0; path = libGraphics.a; sourceTree = BUILT_PRODUCTS_DIR; };
		BD3E1CE41F76C532008F2090 /* Ligatures.swift */ = {isa = PBXFileReference; lastKnownFileType = sourcecode.swift; path = Ligatures.swift; sourceTree = "<group>"; };
		BD3E1CE61F76C752008F2090 /* Style+Text.swift */ = {isa = PBXFileReference; lastKnownFileType = sourcecode.swift; path = "Style+Text.swift"; sourceTree = "<group>"; };
		BD3E1CED1F774BD4008F2090 /* Alignment.swift */ = {isa = PBXFileReference; lastKnownFileType = sourcecode.swift; path = Alignment.swift; sourceTree = "<group>"; };
		BD3E1CEF1F774C2B008F2090 /* Decoration.swift */ = {isa = PBXFileReference; lastKnownFileType = sourcecode.swift; path = Decoration.swift; sourceTree = "<group>"; };
		BD3E1CF11F774C91008F2090 /* Direction.swift */ = {isa = PBXFileReference; lastKnownFileType = sourcecode.swift; path = Direction.swift; sourceTree = "<group>"; };
		BD3E1CF71F7757DA008F2090 /* libLayout.a */ = {isa = PBXFileReference; explicitFileType = archive.ar; includeInIndex = 0; path = libLayout.a; sourceTree = BUILT_PRODUCTS_DIR; };
		BD3E1D0A1F77A387008F2090 /* Lifecycle.swift */ = {isa = PBXFileReference; lastKnownFileType = sourcecode.swift; path = Lifecycle.swift; sourceTree = "<group>"; };
		BD4003401E2C22BF00AB2442 /* Style+Container.swift */ = {isa = PBXFileReference; fileEncoding = 4; lastKnownFileType = sourcecode.swift; path = "Style+Container.swift"; sourceTree = "<group>"; };
		BD4003451E2C274500AB2442 /* Style+Viewable.swift */ = {isa = PBXFileReference; fileEncoding = 4; lastKnownFileType = sourcecode.swift; path = "Style+Viewable.swift"; sourceTree = "<group>"; };
		BD479BFE1E804139008742B2 /* CoreAnimation.swift */ = {isa = PBXFileReference; fileEncoding = 4; lastKnownFileType = sourcecode.swift; path = CoreAnimation.swift; sourceTree = "<group>"; };
		BD4A6AAC1E7C4E83000E8921 /* CoreGraphics.swift */ = {isa = PBXFileReference; fileEncoding = 4; lastKnownFileType = sourcecode.swift; path = CoreGraphics.swift; sourceTree = "<group>"; };
		BD51E2821D172618002221F2 /* Base.xcconfig */ = {isa = PBXFileReference; fileEncoding = 4; lastKnownFileType = text.xcconfig; path = Base.xcconfig; sourceTree = "<group>"; };
		BD51E2831D172618002221F2 /* Package.swift */ = {isa = PBXFileReference; fileEncoding = 4; lastKnownFileType = sourcecode.swift; path = Package.swift; sourceTree = "<group>"; };
		BD5A9D391DD3EE95006C0D9C /* Debug.xcconfig */ = {isa = PBXFileReference; fileEncoding = 4; lastKnownFileType = text.xcconfig; path = Debug.xcconfig; sourceTree = "<group>"; };
		BD5A9D3A1DD3EE95006C0D9C /* Release.xcconfig */ = {isa = PBXFileReference; fileEncoding = 4; lastKnownFileType = text.xcconfig; path = Release.xcconfig; sourceTree = "<group>"; };
		BD71815F1E758C4D00E801A1 /* Drawable.swift */ = {isa = PBXFileReference; fileEncoding = 4; lastKnownFileType = sourcecode.swift; path = Drawable.swift; sourceTree = "<group>"; };
		BD7181691E7605DC00E801A1 /* Composition.swift */ = {isa = PBXFileReference; fileEncoding = 4; lastKnownFileType = sourcecode.swift; path = Composition.swift; sourceTree = "<group>"; };
		BD71816C1E760DD300E801A1 /* Composition+Convenience.swift */ = {isa = PBXFileReference; fileEncoding = 4; lastKnownFileType = sourcecode.swift; path = "Composition+Convenience.swift"; sourceTree = "<group>"; };
		BD74FE311FE42C2C00434AF7 /* Update.swift */ = {isa = PBXFileReference; lastKnownFileType = sourcecode.swift; path = Update.swift; sourceTree = "<group>"; };
		BD789DD51FD55FB800DD474D /* Block.swift */ = {isa = PBXFileReference; lastKnownFileType = sourcecode.swift; path = Block.swift; sourceTree = "<group>"; };
		BD7ACBD31CEE6C2C0067C6FC /* Style.swift */ = {isa = PBXFileReference; fileEncoding = 4; lastKnownFileType = sourcecode.swift; path = Style.swift; sourceTree = "<group>"; };
		BD7AE61B1FE55BF700CD7862 /* Viewable.swift */ = {isa = PBXFileReference; lastKnownFileType = sourcecode.swift; path = Viewable.swift; sourceTree = "<group>"; };
		BD7AE6281FE634DA00CD7862 /* Layout.swift */ = {isa = PBXFileReference; lastKnownFileType = sourcecode.swift; path = Layout.swift; sourceTree = "<group>"; };
		BD807DA21E9B89DB00C03492 /* Composition+Drawing.swift */ = {isa = PBXFileReference; fileEncoding = 4; lastKnownFileType = sourcecode.swift; path = "Composition+Drawing.swift"; sourceTree = "<group>"; };
		BD807DA41E9B8BEF00C03492 /* Composition+Transform.swift */ = {isa = PBXFileReference; fileEncoding = 4; lastKnownFileType = sourcecode.swift; path = "Composition+Transform.swift"; sourceTree = "<group>"; };
		BD807DAA1E9C8CDA00C03492 /* Blending.swift */ = {isa = PBXFileReference; fileEncoding = 4; lastKnownFileType = sourcecode.swift; path = Blending.swift; sourceTree = "<group>"; };
		BD807DAC1E9C952F00C03492 /* Canvas.swift */ = {isa = PBXFileReference; fileEncoding = 4; lastKnownFileType = sourcecode.swift; path = Canvas.swift; sourceTree = "<group>"; };
		BD8226641C936DD700D807A3 /* Node.swift */ = {isa = PBXFileReference; fileEncoding = 4; lastKnownFileType = sourcecode.swift; path = Node.swift; sourceTree = "<group>"; };
		BD8226651C936DD700D807A3 /* Scene.swift */ = {isa = PBXFileReference; fileEncoding = 4; lastKnownFileType = sourcecode.swift; path = Scene.swift; sourceTree = "<group>"; };
		BD9103CC1E2CD658009BFD4F /* BorderTests.swift */ = {isa = PBXFileReference; fileEncoding = 4; lastKnownFileType = sourcecode.swift; path = BorderTests.swift; sourceTree = "<group>"; };
		BD9103CD1E2CD658009BFD4F /* ColorTests.swift */ = {isa = PBXFileReference; fileEncoding = 4; lastKnownFileType = sourcecode.swift; path = ColorTests.swift; sourceTree = "<group>"; };
		BD9103CE1E2CD658009BFD4F /* DimensionsTests.swift */ = {isa = PBXFileReference; fileEncoding = 4; lastKnownFileType = sourcecode.swift; path = DimensionsTests.swift; sourceTree = "<group>"; };
		BD9103CF1E2CD658009BFD4F /* EdgesTests.swift */ = {isa = PBXFileReference; fileEncoding = 4; lastKnownFileType = sourcecode.swift; path = EdgesTests.swift; sourceTree = "<group>"; };
		BD9103D01E2CD658009BFD4F /* FontTests.swift */ = {isa = PBXFileReference; fileEncoding = 4; lastKnownFileType = sourcecode.swift; path = FontTests.swift; sourceTree = "<group>"; };
		BD9103D11E2CD658009BFD4F /* PointTests.swift */ = {isa = PBXFileReference; fileEncoding = 4; lastKnownFileType = sourcecode.swift; path = PointTests.swift; sourceTree = "<group>"; };
		BD9103D21E2CD658009BFD4F /* RealTests.swift */ = {isa = PBXFileReference; fileEncoding = 4; lastKnownFileType = sourcecode.swift; path = RealTests.swift; sourceTree = "<group>"; };
		BD9103D31E2CD658009BFD4F /* RectTests.swift */ = {isa = PBXFileReference; fileEncoding = 4; lastKnownFileType = sourcecode.swift; path = RectTests.swift; sourceTree = "<group>"; };
		BD9103D41E2CD658009BFD4F /* ShadowTests.swift */ = {isa = PBXFileReference; fileEncoding = 4; lastKnownFileType = sourcecode.swift; path = ShadowTests.swift; sourceTree = "<group>"; };
		BD9103D51E2CD658009BFD4F /* SizeTests.swift */ = {isa = PBXFileReference; fileEncoding = 4; lastKnownFileType = sourcecode.swift; path = SizeTests.swift; sourceTree = "<group>"; };
		BD9103D61E2CD658009BFD4F /* SpaceTests.swift */ = {isa = PBXFileReference; fileEncoding = 4; lastKnownFileType = sourcecode.swift; path = SpaceTests.swift; sourceTree = "<group>"; };
		BD9103D71E2CD658009BFD4F /* TransformTests.swift */ = {isa = PBXFileReference; fileEncoding = 4; lastKnownFileType = sourcecode.swift; path = TransformTests.swift; sourceTree = "<group>"; };
		BD9103E41E2CD6F0009BFD4F /* Package.plist */ = {isa = PBXFileReference; fileEncoding = 4; lastKnownFileType = text.plist.xml; path = Package.plist; sourceTree = "<group>"; };
		BD9103E51E2CD6F0009BFD4F /* Tests.plist */ = {isa = PBXFileReference; fileEncoding = 4; lastKnownFileType = text.plist.xml; path = Tests.plist; sourceTree = "<group>"; };
		BD9C7F801EC6F752006F0F1A /* View.swift */ = {isa = PBXFileReference; fileEncoding = 4; lastKnownFileType = sourcecode.swift; path = View.swift; sourceTree = "<group>"; };
		BDB0399A1F3B62CC003771B9 /* Element.swift */ = {isa = PBXFileReference; lastKnownFileType = sourcecode.swift; path = Element.swift; sourceTree = "<group>"; };
		BDB0399C1F3B6361003771B9 /* Container.swift */ = {isa = PBXFileReference; lastKnownFileType = sourcecode.swift; path = Container.swift; sourceTree = "<group>"; };
		BDB0399E1F3B636E003771B9 /* Item.swift */ = {isa = PBXFileReference; lastKnownFileType = sourcecode.swift; path = Item.swift; sourceTree = "<group>"; };
		BDB3489D1FEA1DA300D9D670 /* Style+Item.swift */ = {isa = PBXFileReference; lastKnownFileType = sourcecode.swift; path = "Style+Item.swift"; sourceTree = "<group>"; };
		BDB3489F1FEA1DB600D9D670 /* Style+Element.swift */ = {isa = PBXFileReference; lastKnownFileType = sourcecode.swift; path = "Style+Element.swift"; sourceTree = "<group>"; };
		BDB6AEF91FE7591E009C5EBA /* Dimension.swift */ = {isa = PBXFileReference; lastKnownFileType = sourcecode.swift; path = Dimension.swift; sourceTree = "<group>"; };
		BDBDBAA41F75463C004EB183 /* libUI.a */ = {isa = PBXFileReference; explicitFileType = archive.ar; includeInIndex = 0; path = libUI.a; sourceTree = BUILT_PRODUCTS_DIR; };
		BDC7347D1EED0CA700F955E9 /* Text.swift */ = {isa = PBXFileReference; lastKnownFileType = sourcecode.swift; path = Text.swift; sourceTree = "<group>"; };
		BDC9F2D31F3E9C6B0035441D /* Pan.swift */ = {isa = PBXFileReference; lastKnownFileType = sourcecode.swift; path = Pan.swift; sourceTree = "<group>"; };
		BDC9F2D51F3E9C950035441D /* Pinch.swift */ = {isa = PBXFileReference; lastKnownFileType = sourcecode.swift; path = Pinch.swift; sourceTree = "<group>"; };
		BDC9F2D71F3E9CAC0035441D /* Scroll.swift */ = {isa = PBXFileReference; lastKnownFileType = sourcecode.swift; path = Scroll.swift; sourceTree = "<group>"; };
		BDCE67C61E37E36D00FA45B6 /* Apple.iOS.swift */ = {isa = PBXFileReference; fileEncoding = 4; lastKnownFileType = sourcecode.swift; path = Apple.iOS.swift; sourceTree = "<group>"; };
		BDCE67C81E37E5D400FA45B6 /* Apple.macOS.swift */ = {isa = PBXFileReference; fileEncoding = 4; lastKnownFileType = sourcecode.swift; path = Apple.macOS.swift; sourceTree = "<group>"; };
		BDD10F9F1F2D985D00A4FCAA /* Pan.Recognizer.swift */ = {isa = PBXFileReference; lastKnownFileType = sourcecode.swift; path = Pan.Recognizer.swift; sourceTree = "<group>"; };
		BDD1E3641F30C5620069C079 /* Button.swift */ = {isa = PBXFileReference; lastKnownFileType = sourcecode.swift; path = Button.swift; sourceTree = "<group>"; };
		BDD4DD071FEE85B500C568EF /* Events.iOS.swift */ = {isa = PBXFileReference; lastKnownFileType = sourcecode.swift; path = Events.iOS.swift; sourceTree = "<group>"; };
		BDD5E2F01ED2CABB0005705F /* Stroke.swift */ = {isa = PBXFileReference; fileEncoding = 4; lastKnownFileType = sourcecode.swift; path = Stroke.swift; sourceTree = "<group>"; };
		BDD5E2FB1EDA94CE0005705F /* CoreText.swift */ = {isa = PBXFileReference; fileEncoding = 4; lastKnownFileType = sourcecode.swift; path = CoreText.swift; sourceTree = "<group>"; };
		BDDC72DB1F6E54AD002D1FED /* Axis.swift */ = {isa = PBXFileReference; lastKnownFileType = sourcecode.swift; path = Axis.swift; sourceTree = "<group>"; };
		BDDD083C1FE42189001985AD /* ChangeSet.swift */ = {isa = PBXFileReference; lastKnownFileType = sourcecode.swift; path = ChangeSet.swift; sourceTree = "<group>"; };
		BDE17C781E33FD37006D80C7 /* Window.swift */ = {isa = PBXFileReference; fileEncoding = 4; lastKnownFileType = sourcecode.swift; path = Window.swift; sourceTree = "<group>"; };
		BDE17C7F1E34BB33006D80C7 /* Application.swift */ = {isa = PBXFileReference; fileEncoding = 4; lastKnownFileType = sourcecode.swift; path = Application.swift; sourceTree = "<group>"; };
		BDE59CB81F2C3031006DEC89 /* AppKit.swift */ = {isa = PBXFileReference; lastKnownFileType = sourcecode.swift; path = AppKit.swift; sourceTree = "<group>"; };
		BDE8A79A1C95D56700EAF68D /* mac.playground */ = {isa = PBXFileReference; lastKnownFileType = file.playground; path = mac.playground; sourceTree = "<group>"; xcLanguageSpecificationIdentifier = xcode.lang.swift; };
		BDF1D49C1F2437C80054265C /* Scope.swift */ = {isa = PBXFileReference; lastKnownFileType = sourcecode.swift; path = Scope.swift; sourceTree = "<group>"; };
		BDF1D4A41F2B8F7C0054265C /* Event.swift */ = {isa = PBXFileReference; lastKnownFileType = sourcecode.swift; path = Event.swift; sourceTree = "<group>"; };
		BDF1D4A61F2B8FA70054265C /* Responder.swift */ = {isa = PBXFileReference; lastKnownFileType = sourcecode.swift; path = Responder.swift; sourceTree = "<group>"; };
		BDF1D4AB1F2B917E0054265C /* Gesture.swift */ = {isa = PBXFileReference; lastKnownFileType = sourcecode.swift; path = Gesture.swift; sourceTree = "<group>"; };
		BDF1D4AD1F2B91B60054265C /* Touch.swift */ = {isa = PBXFileReference; lastKnownFileType = sourcecode.swift; path = Touch.swift; sourceTree = "<group>"; };
		BDF256D71CF91FA60020F864 /* Overflow.swift */ = {isa = PBXFileReference; fileEncoding = 4; lastKnownFileType = sourcecode.swift; path = Overflow.swift; sourceTree = "<group>"; };
		BDF82B881FEB6BAD00FE30D2 /* Calculator.swift */ = {isa = PBXFileReference; lastKnownFileType = sourcecode.swift; path = Calculator.swift; sourceTree = "<group>"; };
/* End PBXFileReference section */

/* Begin PBXFrameworksBuildPhase section */
		BD3E1CA61F76BCE4008F2090 /* Frameworks */ = {
			isa = PBXFrameworksBuildPhase;
			buildActionMask = 2147483647;
			files = (
				BD3E1D091F7758AC008F2090 /* libLayout.a in Frameworks */,
				BD3E1CA81F76BCEB008F2090 /* libGeometry.a in Frameworks */,
				BD3E1CB71F76C065008F2090 /* libGraphics.a in Frameworks */,
			);
			runOnlyForDeploymentPostprocessing = 0;
		};
		BD3E1CAA1F76C023008F2090 /* Frameworks */ = {
			isa = PBXFrameworksBuildPhase;
			buildActionMask = 2147483647;
			files = (
				BD3E1CB61F76C05B008F2090 /* libGeometry.a in Frameworks */,
			);
			runOnlyForDeploymentPostprocessing = 0;
		};
		BD3E1CF41F7757DA008F2090 /* Frameworks */ = {
			isa = PBXFrameworksBuildPhase;
			buildActionMask = 2147483647;
			files = (
				BD3E1D001F77582F008F2090 /* libGeometry.a in Frameworks */,
			);
			runOnlyForDeploymentPostprocessing = 0;
		};
/* End PBXFrameworksBuildPhase section */

/* Begin PBXGroup section */
		BD0902DB1FE7BF4F009DB9A8 /* Extensions */ = {
			isa = PBXGroup;
			children = (
				BD0902DE1FE7BF9E009DB9A8 /* Alignable.swift */,
				BD0902DC1FE7BF62009DB9A8 /* Arrangeable.swift */,
			);
			path = Extensions;
			sourceTree = "<group>";
		};
		BD0902E01FE7F239009DB9A8 /* Utilities */ = {
			isa = PBXGroup;
			children = (
				BDF82B881FEB6BAD00FE30D2 /* Calculator.swift */,
				BDB6AEF91FE7591E009C5EBA /* Dimension.swift */,
				BD7AE6281FE634DA00CD7862 /* Layout.swift */,
			);
			path = Utilities;
			sourceTree = "<group>";
		};
		BD0A2B601D9EB88700F26C1F /* Resources */ = {
			isa = PBXGroup;
			children = (
				BD1FE1FD1C4FF1A4005F95D3 /* LICENSE.md */,
				BD1FE1FE1C4FF1A4005F95D3 /* README.md */,
				BD9103E41E2CD6F0009BFD4F /* Package.plist */,
				BD9103E51E2CD6F0009BFD4F /* Tests.plist */,
				BD51E2831D172618002221F2 /* Package.swift */,
				BD51E2821D172618002221F2 /* Base.xcconfig */,
				BD5A9D391DD3EE95006C0D9C /* Debug.xcconfig */,
				BD5A9D3A1DD3EE95006C0D9C /* Release.xcconfig */,
			);
			name = Resources;
			sourceTree = "<group>";
		};
		BD1861EF1FEE021600BD351E /* Views */ = {
			isa = PBXGroup;
			children = (
				BD1861F01FEE023800BD351E /* Apple.View.swift */,
			);
			path = Views;
			sourceTree = "<group>";
		};
		BD1FE1E81C4FF00E005F95D3 = {
			isa = PBXGroup;
			children = (
				BDE8A7991C95D52F00EAF68D /* Playgrounds */,
				BD1FE1F31C4FF00E005F95D3 /* Products */,
				BD0A2B601D9EB88700F26C1F /* Resources */,
				BD1FE1FF1C4FF1A4005F95D3 /* Sources */,
				BD1FE2001C4FF1A4005F95D3 /* Tests */,
			);
			sourceTree = "<group>";
			usesTabs = 1;
		};
		BD1FE1F31C4FF00E005F95D3 /* Products */ = {
			isa = PBXGroup;
			children = (
				BD1FE20F1C4FF402005F95D3 /* Tests.xctest */,
				BDBDBAA41F75463C004EB183 /* libUI.a */,
				BD3E1C901F76BA98008F2090 /* libGeometry.a */,
				BD3E1CAD1F76C023008F2090 /* libGraphics.a */,
				BD3E1CF71F7757DA008F2090 /* libLayout.a */,
			);
			name = Products;
			sourceTree = "<group>";
		};
		BD1FE1FF1C4FF1A4005F95D3 /* Sources */ = {
			isa = PBXGroup;
			children = (
				BDC9F2DC1F3E9F820035441D /* Application */,
				BDB348A51FEA397900D9D670 /* Elements */,
				BDF1D4A31F2B8F640054265C /* Events */,
				BDC9F2E41F3EA0D50035441D /* Geometry */,
				BDDC72D51F6E53DD002D1FED /* Graphics */,
				BD3790931F754F53008B12F6 /* Layout */,
				BD3790941F754F5D008B12F6 /* Platforms */,
			);
			path = Sources;
			sourceTree = "<group>";
		};
		BD1FE2001C4FF1A4005F95D3 /* Tests */ = {
			isa = PBXGroup;
			children = (
				BD9103CC1E2CD658009BFD4F /* BorderTests.swift */,
				BD9103CD1E2CD658009BFD4F /* ColorTests.swift */,
				BD9103CE1E2CD658009BFD4F /* DimensionsTests.swift */,
				BD9103CF1E2CD658009BFD4F /* EdgesTests.swift */,
				BD9103D01E2CD658009BFD4F /* FontTests.swift */,
				BD9103D11E2CD658009BFD4F /* PointTests.swift */,
				BD9103D21E2CD658009BFD4F /* RealTests.swift */,
				BD9103D31E2CD658009BFD4F /* RectTests.swift */,
				BD9103D41E2CD658009BFD4F /* ShadowTests.swift */,
				BD9103D51E2CD658009BFD4F /* SizeTests.swift */,
				BD9103D61E2CD658009BFD4F /* SpaceTests.swift */,
				BD9103D71E2CD658009BFD4F /* TransformTests.swift */,
			);
			path = Tests;
			sourceTree = "<group>";
		};
		BD3790931F754F53008B12F6 /* Layout */ = {
			isa = PBXGroup;
			children = (
				BDB0399C1F3B6361003771B9 /* Container.swift */,
				BDB0399E1F3B636E003771B9 /* Item.swift */,
				BD3790961F754F73008B12F6 /* Attributes */,
				BD0902DB1FE7BF4F009DB9A8 /* Extensions */,
				BD0902E01FE7F239009DB9A8 /* Utilities */,
			);
			path = Layout;
			sourceTree = "<group>";
		};
		BD3790941F754F5D008B12F6 /* Platforms */ = {
			isa = PBXGroup;
			children = (
				BD3790951F754F6B008B12F6 /* Apple */,
			);
			path = Platforms;
			sourceTree = "<group>";
		};
		BD3790951F754F6B008B12F6 /* Apple */ = {
			isa = PBXGroup;
			children = (
				BDCE67C61E37E36D00FA45B6 /* Apple.iOS.swift */,
				BDCE67C81E37E5D400FA45B6 /* Apple.macOS.swift */,
				BD3E1C8B1F76BA18008F2090 /* Controller */,
				BD3790A01F75520C008B12F6 /* Utilities */,
				BD1861EF1FEE021600BD351E /* Views */,
			);
			path = Apple;
			sourceTree = "<group>";
		};
		BD3790961F754F73008B12F6 /* Attributes */ = {
			isa = PBXGroup;
			children = (
				BD3997D11C68A8EA002B3E01 /* Alignment.swift */,
				BD3997D21C68A8EA002B3E01 /* Arrangement.swift */,
				BD3997D61C68A8EA002B3E01 /* Distribution.swift */,
				BDF256D71CF91FA60020F864 /* Overflow.swift */,
			);
			path = Attributes;
			sourceTree = "<group>";
		};
		BD3790A01F75520C008B12F6 /* Utilities */ = {
			isa = PBXGroup;
			children = (
				BDE59CB81F2C3031006DEC89 /* AppKit.swift */,
				BD479BFE1E804139008742B2 /* CoreAnimation.swift */,
				BD4A6AAC1E7C4E83000E8921 /* CoreGraphics.swift */,
				BDD5E2FB1EDA94CE0005705F /* CoreText.swift */,
				BDD4DD071FEE85B500C568EF /* Events.iOS.swift */,
			);
			path = Utilities;
			sourceTree = "<group>";
		};
		BD3E1C7C1F769F84008F2090 /* Controls */ = {
			isa = PBXGroup;
			children = (
				BDD1E3641F30C5620069C079 /* Button.swift */,
			);
			path = Controls;
			sourceTree = "<group>";
		};
		BD3E1C7D1F76A0D4008F2090 /* Textual */ = {
			isa = PBXGroup;
			children = (
				BDC7347D1EED0CA700F955E9 /* Text.swift */,
			);
			path = Textual;
			sourceTree = "<group>";
		};
		BD3E1C7E1F76A0F8008F2090 /* Content */ = {
			isa = PBXGroup;
			children = (
				BD807DAC1E9C952F00C03492 /* Canvas.swift */,
			);
			path = Content;
			sourceTree = "<group>";
		};
		BD3E1C7F1F76A101008F2090 /* Container */ = {
			isa = PBXGroup;
			children = (
				BD789DD51FD55FB800DD474D /* Block.swift */,
				BD9C7F801EC6F752006F0F1A /* View.swift */,
			);
			path = Container;
			sourceTree = "<group>";
		};
		BD3E1C8B1F76BA18008F2090 /* Controller */ = {
			isa = PBXGroup;
			children = (
				BD1861ED1FED6A2F00BD351E /* Apple.Renderer.swift */,
				BD2142201CFCFF6000D3CD58 /* Apple.ViewController.iOS.swift */,
				BD21421E1CFCFBD800D3CD58 /* Apple.ViewController.macOS.swift */,
			);
			path = Controller;
			sourceTree = "<group>";
		};
		BD3E1CE31F76C2B5008F2090 /* Stylings */ = {
			isa = PBXGroup;
			children = (
				BD3E1CE61F76C752008F2090 /* Style+Text.swift */,
			);
			path = Stylings;
			sourceTree = "<group>";
		};
		BD758F251F3206A0007B94DA /* Scrolling */ = {
			isa = PBXGroup;
			children = (
				BD3C5EA41F2F624400035D4D /* Scroll.Recognizer.swift */,
				BDC9F2D71F3E9CAC0035441D /* Scroll.swift */,
			);
			path = Scrolling;
			sourceTree = "<group>";
		};
		BD95CD4D1FCAEA8D00AB896A /* Lifecycle */ = {
			isa = PBXGroup;
			children = (
				BD3E1D0A1F77A387008F2090 /* Lifecycle.swift */,
			);
			path = Lifecycle;
			sourceTree = "<group>";
		};
		BDB348A51FEA397900D9D670 /* Elements */ = {
			isa = PBXGroup;
			children = (
				BDB0399A1F3B62CC003771B9 /* Element.swift */,
				BDF1D49C1F2437C80054265C /* Scope.swift */,
				BD7AE61B1FE55BF700CD7862 /* Viewable.swift */,
				BDC9F2E01F3E9FC40035441D /* Components */,
				BDC9F2DF1F3E9FA10035441D /* Rendering */,
				BDC9F2DB1F3E9F5B0035441D /* Styling */,
			);
			path = Elements;
			sourceTree = "<group>";
		};
		BDBF0D731FEBDCD300B9CAA1 /* Paning */ = {
			isa = PBXGroup;
			children = (
				BDD10F9F1F2D985D00A4FCAA /* Pan.Recognizer.swift */,
				BDC9F2D31F3E9C6B0035441D /* Pan.swift */,
			);
			path = Paning;
			sourceTree = "<group>";
		};
		BDBF0D751FEBDD0200B9CAA1 /* Pinching */ = {
			isa = PBXGroup;
			children = (
				BD3C5E971F2F500600035D4D /* Pinch.Recognizer.swift */,
				BDC9F2D51F3E9C950035441D /* Pinch.swift */,
			);
			path = Pinching;
			sourceTree = "<group>";
		};
		BDC9F2DB1F3E9F5B0035441D /* Styling */ = {
			isa = PBXGroup;
			children = (
				BD7ACBD31CEE6C2C0067C6FC /* Style.swift */,
				BD4003401E2C22BF00AB2442 /* Style+Container.swift */,
				BDB3489F1FEA1DB600D9D670 /* Style+Element.swift */,
				BDB3489D1FEA1DA300D9D670 /* Style+Item.swift */,
				BD4003451E2C274500AB2442 /* Style+Viewable.swift */,
			);
			path = Styling;
			sourceTree = "<group>";
		};
		BDC9F2DC1F3E9F820035441D /* Application */ = {
			isa = PBXGroup;
			children = (
				BDE17C7F1E34BB33006D80C7 /* Application.swift */,
				BDE17C781E33FD37006D80C7 /* Window.swift */,
			);
			path = Application;
			sourceTree = "<group>";
		};
		BDC9F2DF1F3E9FA10035441D /* Rendering */ = {
			isa = PBXGroup;
			children = (
				BD3E1C801F76A539008F2090 /* Change.swift */,
				BDDD083C1FE42189001985AD /* ChangeSet.swift */,
				BD74FE311FE42C2C00434AF7 /* Update.swift */,
			);
			path = Rendering;
			sourceTree = "<group>";
		};
		BDC9F2E01F3E9FC40035441D /* Components */ = {
			isa = PBXGroup;
			children = (
				BD3997D31C68A8EA002B3E01 /* Component.swift */,
				BD8226641C936DD700D807A3 /* Node.swift */,
				BD8226651C936DD700D807A3 /* Scene.swift */,
				BD3E1C7F1F76A101008F2090 /* Container */,
				BD3E1C7E1F76A0F8008F2090 /* Content */,
				BD3E1C7C1F769F84008F2090 /* Controls */,
				BD3E1C7D1F76A0D4008F2090 /* Textual */,
			);
			path = Components;
			sourceTree = "<group>";
		};
		BDC9F2E41F3EA0D50035441D /* Geometry */ = {
			isa = PBXGroup;
			children = (
				BD11854F1E28DA1900B98DD3 /* Arithmetic.swift */,
				BD1185531E28DA1900B98DD3 /* Geometry.swift */,
				BD1185581E28DA1900B98DD3 /* Shape.swift */,
				BDC9F2E51F3EA0FC0035441D /* Core */,
				BDC9F2E61F3EA1110035441D /* Shapes */,
				BDC9F2E71F3EA1210035441D /* Transform */,
				BDC9F2E81F3EA1320035441D /* Utilities */,
			);
			path = Geometry;
			sourceTree = "<group>";
		};
		BDC9F2E51F3EA0FC0035441D /* Core */ = {
			isa = PBXGroup;
			children = (
				BDDC72DB1F6E54AD002D1FED /* Axis.swift */,
				BD1185561E28DA1900B98DD3 /* Point.swift */,
				BD1185591E28DA1900B98DD3 /* Size.swift */,
				BD11855A1E28DA1900B98DD3 /* Space.swift */,
			);
			path = Core;
			sourceTree = "<group>";
		};
		BDC9F2E61F3EA1110035441D /* Shapes */ = {
			isa = PBXGroup;
			children = (
				BD1185541E28DA1900B98DD3 /* Line.swift */,
				BD1185551E28DA1900B98DD3 /* Path.swift */,
				BD1185571E28DA1900B98DD3 /* Rect.swift */,
			);
			path = Shapes;
			sourceTree = "<group>";
		};
		BDC9F2E71F3EA1210035441D /* Transform */ = {
			isa = PBXGroup;
			children = (
				BD11855B1E28DA1900B98DD3 /* Transform.swift */,
				BD11855C1E28DA1900B98DD3 /* Transformable.swift */,
			);
			path = Transform;
			sourceTree = "<group>";
		};
		BDC9F2E81F3EA1320035441D /* Utilities */ = {
			isa = PBXGroup;
			children = (
				BD1185521E28DA1900B98DD3 /* Float.swift */,
			);
			path = Utilities;
			sourceTree = "<group>";
		};
		BDDC72D51F6E53DD002D1FED /* Graphics */ = {
			isa = PBXGroup;
			children = (
				BD71815F1E758C4D00E801A1 /* Drawable.swift */,
				BDDC72D61F6E53F8002D1FED /* Color */,
				BDDC72D71F6E53FF002D1FED /* Composition */,
				BDDC72D81F6E540B002D1FED /* Drawing */,
				BD3E1CE31F76C2B5008F2090 /* Stylings */,
				BDDC72D91F6E5414002D1FED /* Text */,
			);
			path = Graphics;
			sourceTree = "<group>";
		};
		BDDC72D61F6E53F8002D1FED /* Color */ = {
			isa = PBXGroup;
			children = (
				BD1185731E290BC100B98DD3 /* Color.swift */,
				BD1185741E290BC100B98DD3 /* Color+Components.swift */,
				BD1185751E290BC100B98DD3 /* Color+Gray.swift */,
				BD1185761E290BC100B98DD3 /* Color+Hex.swift */,
				BD1185781E290BC100B98DD3 /* Color+RGB.swift */,
			);
			path = Color;
			sourceTree = "<group>";
		};
		BDDC72D71F6E53FF002D1FED /* Composition */ = {
			isa = PBXGroup;
			children = (
				BD7181691E7605DC00E801A1 /* Composition.swift */,
				BD71816C1E760DD300E801A1 /* Composition+Convenience.swift */,
				BD807DA21E9B89DB00C03492 /* Composition+Drawing.swift */,
				BD807DA41E9B8BEF00C03492 /* Composition+Transform.swift */,
			);
			path = Composition;
			sourceTree = "<group>";
		};
		BDDC72D81F6E540B002D1FED /* Drawing */ = {
			isa = PBXGroup;
			children = (
				BD807DAA1E9C8CDA00C03492 /* Blending.swift */,
				BD1185721E290BC100B98DD3 /* Border.swift */,
				BD11857A1E290BC100B98DD3 /* Gradient.swift */,
				BD11857B1E290BC100B98DD3 /* Image.swift */,
				BD11857D1E290BC100B98DD3 /* Paint.swift */,
				BD1185811E290BC100B98DD3 /* Shadow.swift */,
			);
			path = Drawing;
			sourceTree = "<group>";
		};
		BDDC72D91F6E5414002D1FED /* Text */ = {
			isa = PBXGroup;
			children = (
				BD1185831E290BC100B98DD3 /* Text.swift */,
				BDDC72DA1F6E542D002D1FED /* Attributes */,
			);
			path = Text;
			sourceTree = "<group>";
		};
		BDDC72DA1F6E542D002D1FED /* Attributes */ = {
			isa = PBXGroup;
			children = (
				BD3E1CED1F774BD4008F2090 /* Alignment.swift */,
				BD3E1CEF1F774C2B008F2090 /* Decoration.swift */,
				BD3E1CF11F774C91008F2090 /* Direction.swift */,
				BD1185791E290BC100B98DD3 /* Font.swift */,
				BD3E1CE41F76C532008F2090 /* Ligatures.swift */,
				BD11857C1E290BC100B98DD3 /* LineBreak.swift */,
				BD11857E1E290BC100B98DD3 /* ParagraphStyle.swift */,
				BDD5E2F01ED2CABB0005705F /* Stroke.swift */,
			);
			path = Attributes;
			sourceTree = "<group>";
		};
		BDE8A7991C95D52F00EAF68D /* Playgrounds */ = {
			isa = PBXGroup;
			children = (
				BDE8A79A1C95D56700EAF68D /* mac.playground */,
				BD2142281CFD079D00D3CD58 /* ios.playground */,
			);
			path = Playgrounds;
			sourceTree = "<group>";
		};
		BDF1D4A31F2B8F640054265C /* Events */ = {
			isa = PBXGroup;
			children = (
				BDF1D4A41F2B8F7C0054265C /* Event.swift */,
				BDF1D4A61F2B8FA70054265C /* Responder.swift */,
				BDF1D4A81F2B90070054265C /* Gestures */,
				BD95CD4D1FCAEA8D00AB896A /* Lifecycle */,
			);
			path = Events;
			sourceTree = "<group>";
		};
		BDF1D4A81F2B90070054265C /* Gestures */ = {
			isa = PBXGroup;
			children = (
				BDF1D4AB1F2B917E0054265C /* Gesture.swift */,
				BDF1D4AD1F2B91B60054265C /* Touch.swift */,
				BDBF0D731FEBDCD300B9CAA1 /* Paning */,
				BDBF0D751FEBDD0200B9CAA1 /* Pinching */,
				BD758F251F3206A0007B94DA /* Scrolling */,
			);
			path = Gestures;
			sourceTree = "<group>";
		};
/* End PBXGroup section */

/* Begin PBXNativeTarget section */
		BD1FE20E1C4FF402005F95D3 /* Tests */ = {
			isa = PBXNativeTarget;
			buildConfigurationList = BD1FE2141C4FF402005F95D3 /* Build configuration list for PBXNativeTarget "Tests" */;
			buildPhases = (
				BD1FE20B1C4FF402005F95D3 /* Sources */,
			);
			buildRules = (
			);
			dependencies = (
			);
			name = Tests;
			productName = Tests;
			productReference = BD1FE20F1C4FF402005F95D3 /* Tests.xctest */;
			productType = "com.apple.product-type.bundle.unit-test";
		};
		BD3E1C8F1F76BA98008F2090 /* Geometry */ = {
			isa = PBXNativeTarget;
			buildConfigurationList = BD3E1C961F76BA98008F2090 /* Build configuration list for PBXNativeTarget "Geometry" */;
			buildPhases = (
				BD3E1C8C1F76BA98008F2090 /* Sources */,
			);
			buildRules = (
			);
			dependencies = (
			);
			name = Geometry;
			productName = Geometry;
			productReference = BD3E1C901F76BA98008F2090 /* libGeometry.a */;
			productType = "com.apple.product-type.library.static";
		};
		BD3E1CAC1F76C023008F2090 /* Graphics */ = {
			isa = PBXNativeTarget;
			buildConfigurationList = BD3E1CB31F76C023008F2090 /* Build configuration list for PBXNativeTarget "Graphics" */;
			buildPhases = (
				BD3E1CA91F76C023008F2090 /* Sources */,
				BD3E1CAA1F76C023008F2090 /* Frameworks */,
			);
			buildRules = (
			);
			dependencies = (
			);
			name = Graphics;
			productName = Graphics;
			productReference = BD3E1CAD1F76C023008F2090 /* libGraphics.a */;
			productType = "com.apple.product-type.library.static";
		};
		BD3E1CF61F7757DA008F2090 /* Layout */ = {
			isa = PBXNativeTarget;
			buildConfigurationList = BD3E1CFD1F7757DA008F2090 /* Build configuration list for PBXNativeTarget "Layout" */;
			buildPhases = (
				BD3E1CF31F7757DA008F2090 /* Sources */,
				BD3E1CF41F7757DA008F2090 /* Frameworks */,
			);
			buildRules = (
			);
			dependencies = (
			);
			name = Layout;
			productName = Layouting;
			productReference = BD3E1CF71F7757DA008F2090 /* libLayout.a */;
			productType = "com.apple.product-type.library.static";
		};
		BDBDBAA31F75463C004EB183 /* UI */ = {
			isa = PBXNativeTarget;
			buildConfigurationList = BDBDBAAA1F75463C004EB183 /* Build configuration list for PBXNativeTarget "UI" */;
			buildPhases = (
				BDBDBAA01F75463C004EB183 /* Sources */,
				BD3E1CA61F76BCE4008F2090 /* Frameworks */,
			);
			buildRules = (
			);
			dependencies = (
			);
			name = UI;
			productName = UI;
			productReference = BDBDBAA41F75463C004EB183 /* libUI.a */;
			productType = "com.apple.product-type.library.static";
		};
/* End PBXNativeTarget section */

/* Begin PBXProject section */
		BD1FE1E91C4FF00E005F95D3 /* Project object */ = {
			isa = PBXProject;
			attributes = {
				LastSwiftUpdateCheck = 0920;
				LastUpgradeCheck = 0900;
				ORGANIZATIONNAME = "Felix Gabel";
				TargetAttributes = {
					BD1FE20E1C4FF402005F95D3 = {
						CreatedOnToolsVersion = 7.2;
						DevelopmentTeam = MMDS6BCK8S;
						DevelopmentTeamName = "Felix Gabel";
						LastSwiftMigration = 0820;
						ProvisioningStyle = Automatic;
					};
					BD3E1C8F1F76BA98008F2090 = {
						CreatedOnToolsVersion = 9.0;
						ProvisioningStyle = Automatic;
					};
					BD3E1CAC1F76C023008F2090 = {
						CreatedOnToolsVersion = 9.0;
						ProvisioningStyle = Automatic;
					};
					BD3E1CF61F7757DA008F2090 = {
						CreatedOnToolsVersion = 9.0;
						ProvisioningStyle = Automatic;
					};
					BDBDBAA31F75463C004EB183 = {
						CreatedOnToolsVersion = 9.0;
						LastSwiftMigration = 0900;
						ProvisioningStyle = Automatic;
					};
				};
			};
			buildConfigurationList = BD1FE1EC1C4FF00E005F95D3 /* Build configuration list for PBXProject "UI" */;
			compatibilityVersion = "Xcode 8.0";
			developmentRegion = English;
			hasScannedForEncodings = 0;
			knownRegions = (
				en,
				Base,
			);
			mainGroup = BD1FE1E81C4FF00E005F95D3;
			productRefGroup = BD1FE1F31C4FF00E005F95D3 /* Products */;
			projectDirPath = "";
			projectRoot = "";
			targets = (
				BD1FE20E1C4FF402005F95D3 /* Tests */,
				BD3E1C8F1F76BA98008F2090 /* Geometry */,
				BD3E1CAC1F76C023008F2090 /* Graphics */,
				BD3E1CF61F7757DA008F2090 /* Layout */,
				BDBDBAA31F75463C004EB183 /* UI */,
			);
		};
/* End PBXProject section */

/* Begin PBXSourcesBuildPhase section */
		BD1FE20B1C4FF402005F95D3 /* Sources */ = {
			isa = PBXSourcesBuildPhase;
			buildActionMask = 2147483647;
			files = (
				BD9103DD1E2CD658009BFD4F /* PointTests.swift in Sources */,
				BD9103D81E2CD658009BFD4F /* BorderTests.swift in Sources */,
				BD9103E01E2CD658009BFD4F /* ShadowTests.swift in Sources */,
				BD9103D91E2CD658009BFD4F /* ColorTests.swift in Sources */,
				BD9103DF1E2CD658009BFD4F /* RectTests.swift in Sources */,
				BD9103DB1E2CD658009BFD4F /* EdgesTests.swift in Sources */,
				BD9103E31E2CD658009BFD4F /* TransformTests.swift in Sources */,
				BD9103DE1E2CD658009BFD4F /* RealTests.swift in Sources */,
				BD9103E21E2CD658009BFD4F /* SpaceTests.swift in Sources */,
				BD9103DA1E2CD658009BFD4F /* DimensionsTests.swift in Sources */,
				BD9103E11E2CD658009BFD4F /* SizeTests.swift in Sources */,
				BD9103DC1E2CD658009BFD4F /* FontTests.swift in Sources */,
			);
			runOnlyForDeploymentPostprocessing = 0;
		};
		BD3E1C8C1F76BA98008F2090 /* Sources */ = {
			isa = PBXSourcesBuildPhase;
			buildActionMask = 2147483647;
			files = (
				BD3E1CA31F76BB5D008F2090 /* Transform.swift in Sources */,
				BD3E1C991F76BB5D008F2090 /* Arithmetic.swift in Sources */,
				BD3E1C9D1F76BB5D008F2090 /* Point.swift in Sources */,
				BD3E1C9F1F76BB5D008F2090 /* Space.swift in Sources */,
				BD3E1CA21F76BB5D008F2090 /* Rect.swift in Sources */,
				BD3E1C9B1F76BB5D008F2090 /* Shape.swift in Sources */,
				BD3E1C9C1F76BB5D008F2090 /* Axis.swift in Sources */,
				BD3E1CA01F76BB5D008F2090 /* Line.swift in Sources */,
				BD3E1C9E1F76BB5D008F2090 /* Size.swift in Sources */,
				BD3E1CA51F76BB5D008F2090 /* Float.swift in Sources */,
				BD3E1CA11F76BB5D008F2090 /* Path.swift in Sources */,
				BD3E1CA41F76BB5D008F2090 /* Transformable.swift in Sources */,
				BD3E1C9A1F76BB5D008F2090 /* Geometry.swift in Sources */,
			);
			runOnlyForDeploymentPostprocessing = 0;
		};
		BD3E1CA91F76C023008F2090 /* Sources */ = {
			isa = PBXSourcesBuildPhase;
			buildActionMask = 2147483647;
			files = (
				BD3E1CC91F76C089008F2090 /* Stroke.swift in Sources */,
				BD3E1CC31F76C089008F2090 /* Blending.swift in Sources */,
				BD3E1CC41F76C089008F2090 /* Border.swift in Sources */,
				BD3E1CCE1F76C089008F2090 /* Font.swift in Sources */,
				BD3E1CC71F76C089008F2090 /* Paint.swift in Sources */,
				BD3E1CC01F76C089008F2090 /* Composition+Convenience.swift in Sources */,
				BD3E1CC51F76C089008F2090 /* Gradient.swift in Sources */,
				BD3E1CF21F774C91008F2090 /* Direction.swift in Sources */,
				BD3E1CE51F76C532008F2090 /* Ligatures.swift in Sources */,
				BD3E1CC61F76C089008F2090 /* Image.swift in Sources */,
				BD3E1CBF1F76C089008F2090 /* Composition.swift in Sources */,
				BD3E1CBC1F76C089008F2090 /* Color+Gray.swift in Sources */,
				BD3E1CBB1F76C089008F2090 /* Color+Components.swift in Sources */,
				BD3E1CB81F76C089008F2090 /* Drawable.swift in Sources */,
				BD3E1CCF1F76C089008F2090 /* LineBreak.swift in Sources */,
				BD3E1CBA1F76C089008F2090 /* Color.swift in Sources */,
				BD3E1CD01F76C089008F2090 /* ParagraphStyle.swift in Sources */,
				BD3E1CF01F774C2B008F2090 /* Decoration.swift in Sources */,
				BD3E1CC11F76C089008F2090 /* Composition+Drawing.swift in Sources */,
				BD3E1CC21F76C089008F2090 /* Composition+Transform.swift in Sources */,
				BD3E1CBD1F76C089008F2090 /* Color+Hex.swift in Sources */,
				BD3E1CEE1F774BD4008F2090 /* Alignment.swift in Sources */,
				BD3E1CBE1F76C089008F2090 /* Color+RGB.swift in Sources */,
				BD3E1CCD1F76C089008F2090 /* Text.swift in Sources */,
				BD3E1CC81F76C089008F2090 /* Shadow.swift in Sources */,
			);
			runOnlyForDeploymentPostprocessing = 0;
		};
		BD3E1CF31F7757DA008F2090 /* Sources */ = {
			isa = PBXSourcesBuildPhase;
			buildActionMask = 2147483647;
			files = (
				BD3E1D041F77587D008F2090 /* Arrangement.swift in Sources */,
				BD3E1D061F77587D008F2090 /* Overflow.swift in Sources */,
				BD3E1D021F77587D008F2090 /* Item.swift in Sources */,
				BDF82B891FEB6BAD00FE30D2 /* Calculator.swift in Sources */,
				BD3E1D031F77587D008F2090 /* Alignment.swift in Sources */,
				BD3E1D011F775874008F2090 /* Container.swift in Sources */,
				BD7AE6291FE634DA00CD7862 /* Layout.swift in Sources */,
				BD0902DF1FE7BF9E009DB9A8 /* Alignable.swift in Sources */,
				BD0902DD1FE7BF62009DB9A8 /* Arrangeable.swift in Sources */,
				BDB6AEFB1FE75985009C5EBA /* Dimension.swift in Sources */,
				BD3E1D051F77587D008F2090 /* Distribution.swift in Sources */,
			);
			runOnlyForDeploymentPostprocessing = 0;
		};
		BDBDBAA01F75463C004EB183 /* Sources */ = {
			isa = PBXSourcesBuildPhase;
			buildActionMask = 2147483647;
			files = (
				BDBDBAAD1F75467D004EB183 /* Component.swift in Sources */,
				BD789DD71FD55FDE00DD474D /* Block.swift in Sources */,
				BDBDBAAE1F75467D004EB183 /* Element.swift in Sources */,
				BDBDBAAF1F75467D004EB183 /* Scope.swift in Sources */,
				BD3E1C821F76AFA7008F2090 /* Change.swift in Sources */,
				BDBDBAB41F75467D004EB183 /* Style+Container.swift in Sources */,
				BD3E1D0C1F77A3A6008F2090 /* Lifecycle.swift in Sources */,
				BDDD083E1FE42243001985AD /* ChangeSet.swift in Sources */,
				BDBDBAB91F75467D004EB183 /* Application.swift in Sources */,
				BD1861EE1FED6A2F00BD351E /* Apple.Renderer.swift in Sources */,
				BDBDBABA1F75467D004EB183 /* Window.swift in Sources */,
				BD789DD41FD4695800DD474D /* View.swift in Sources */,
				BDBDBABC1F75467D004EB183 /* Node.swift in Sources */,
				BDBDBABD1F75467D004EB183 /* Scene.swift in Sources */,
				BDBDBAC01F75467D004EB183 /* Text.swift in Sources */,
				BDBDBAC41F75467D004EB183 /* Event.swift in Sources */,
				BDBDBAC61F75467D004EB183 /* Responder.swift in Sources */,
				BDB348A01FEA1DB600D9D670 /* Style+Element.swift in Sources */,
				BDBDBAC71F75467D004EB183 /* Gesture.swift in Sources */,
				BDBDBAC81F75467D004EB183 /* Pan.swift in Sources */,
				BDBDBAC91F75467D004EB183 /* Pinch.swift in Sources */,
				BDBDBACA1F75467D004EB183 /* Scroll.swift in Sources */,
				BD7AE61D1FE55C9200CD7862 /* Viewable.swift in Sources */,
				BDB3489E1FEA1DA300D9D670 /* Style+Item.swift in Sources */,
				BD74FE321FE42C2C00434AF7 /* Update.swift in Sources */,
				BDBDBAD61F75467D004EB183 /* Touch.swift in Sources */,
				BD3790A91F756C78008B12F6 /* Apple.macOS.swift in Sources */,
				BD3790AA1F756C81008B12F6 /* Apple.iOS.swift in Sources */,
				BDBDBB151F75467D004EB183 /* Apple.ViewController.iOS.swift in Sources */,
				BDBDBB161F75467D004EB183 /* Apple.ViewController.macOS.swift in Sources */,
				BDBDBB181F75467D004EB183 /* CoreGraphics.swift in Sources */,
				BDB348A41FEA376300D9D670 /* Style+Viewable.swift in Sources */,
				BDBDBB191F75467D004EB183 /* AppKit.swift in Sources */,
				BDD4DD081FEE85B500C568EF /* Events.iOS.swift in Sources */,
				BDBDBB1C1F75467D004EB183 /* CoreAnimation.swift in Sources */,
				BDBDBB1D1F75467D004EB183 /* CoreText.swift in Sources */,
				BD1861F11FEE023800BD351E /* Apple.View.swift in Sources */,
				BDB3489C1FEA1CF300D9D670 /* Style.swift in Sources */,
			);
			runOnlyForDeploymentPostprocessing = 0;
		};
/* End PBXSourcesBuildPhase section */

/* Begin XCBuildConfiguration section */
		BD1FE1F81C4FF00E005F95D3 /* Debug */ = {
			isa = XCBuildConfiguration;
			baseConfigurationReference = BD5A9D391DD3EE95006C0D9C /* Debug.xcconfig */;
			buildSettings = {
				CLANG_ANALYZER_NONNULL = YES;
				CLANG_ANALYZER_NUMBER_OBJECT_CONVERSION = YES_AGGRESSIVE;
				CLANG_WARN_BLOCK_CAPTURE_AUTORELEASING = YES;
				CLANG_WARN_BOOL_CONVERSION = YES;
				CLANG_WARN_COMMA = YES;
				CLANG_WARN_CONSTANT_CONVERSION = YES;
				CLANG_WARN_DIRECT_OBJC_ISA_USAGE = YES_ERROR;
				CLANG_WARN_DOCUMENTATION_COMMENTS = YES;
				CLANG_WARN_EMPTY_BODY = YES;
				CLANG_WARN_ENUM_CONVERSION = YES;
				CLANG_WARN_INFINITE_RECURSION = YES;
				CLANG_WARN_INT_CONVERSION = YES;
				CLANG_WARN_NON_LITERAL_NULL_CONVERSION = YES;
				CLANG_WARN_OBJC_LITERAL_CONVERSION = YES;
				CLANG_WARN_OBJC_ROOT_CLASS = YES_ERROR;
				CLANG_WARN_RANGE_LOOP_ANALYSIS = YES;
				CLANG_WARN_STRICT_PROTOTYPES = YES;
				CLANG_WARN_SUSPICIOUS_MOVE = YES;
				CLANG_WARN_UNGUARDED_AVAILABILITY = YES_AGGRESSIVE;
				CLANG_WARN_UNREACHABLE_CODE = YES;
				CLANG_WARN__DUPLICATE_METHOD_MATCH = YES;
				CURRENT_PROJECT_VERSION = 1;
				ENABLE_STRICT_OBJC_MSGSEND = YES;
				GCC_NO_COMMON_BLOCKS = YES;
				GCC_OPTIMIZATION_LEVEL = 0;
				GCC_WARN_64_TO_32_BIT_CONVERSION = YES;
				GCC_WARN_ABOUT_RETURN_TYPE = YES_ERROR;
				GCC_WARN_UNDECLARED_SELECTOR = YES;
				GCC_WARN_UNINITIALIZED_AUTOS = YES_AGGRESSIVE;
				GCC_WARN_UNUSED_FUNCTION = YES;
				GCC_WARN_UNUSED_VARIABLE = YES;
				VERSION_INFO_PREFIX = "";
			};
			name = Debug;
		};
		BD1FE1F91C4FF00E005F95D3 /* Release */ = {
			isa = XCBuildConfiguration;
			baseConfigurationReference = BD5A9D3A1DD3EE95006C0D9C /* Release.xcconfig */;
			buildSettings = {
				CLANG_ANALYZER_NONNULL = YES;
				CLANG_ANALYZER_NUMBER_OBJECT_CONVERSION = YES_AGGRESSIVE;
				CLANG_WARN_BLOCK_CAPTURE_AUTORELEASING = YES;
				CLANG_WARN_BOOL_CONVERSION = YES;
				CLANG_WARN_COMMA = YES;
				CLANG_WARN_CONSTANT_CONVERSION = YES;
				CLANG_WARN_DIRECT_OBJC_ISA_USAGE = YES_ERROR;
				CLANG_WARN_DOCUMENTATION_COMMENTS = YES;
				CLANG_WARN_EMPTY_BODY = YES;
				CLANG_WARN_ENUM_CONVERSION = YES;
				CLANG_WARN_INFINITE_RECURSION = YES;
				CLANG_WARN_INT_CONVERSION = YES;
				CLANG_WARN_NON_LITERAL_NULL_CONVERSION = YES;
				CLANG_WARN_OBJC_LITERAL_CONVERSION = YES;
				CLANG_WARN_OBJC_ROOT_CLASS = YES_ERROR;
				CLANG_WARN_RANGE_LOOP_ANALYSIS = YES;
				CLANG_WARN_STRICT_PROTOTYPES = YES;
				CLANG_WARN_SUSPICIOUS_MOVE = YES;
				CLANG_WARN_UNGUARDED_AVAILABILITY = YES_AGGRESSIVE;
				CLANG_WARN_UNREACHABLE_CODE = YES;
				CLANG_WARN__DUPLICATE_METHOD_MATCH = YES;
				CURRENT_PROJECT_VERSION = 1;
				ENABLE_STRICT_OBJC_MSGSEND = YES;
				GCC_NO_COMMON_BLOCKS = YES;
				GCC_WARN_64_TO_32_BIT_CONVERSION = YES;
				GCC_WARN_ABOUT_RETURN_TYPE = YES_ERROR;
				GCC_WARN_UNDECLARED_SELECTOR = YES;
				GCC_WARN_UNINITIALIZED_AUTOS = YES_AGGRESSIVE;
				GCC_WARN_UNUSED_FUNCTION = YES;
				GCC_WARN_UNUSED_VARIABLE = YES;
				VERSION_INFO_PREFIX = "";
			};
			name = Release;
		};
		BD1FE2151C4FF402005F95D3 /* Debug */ = {
			isa = XCBuildConfiguration;
			buildSettings = {
				INFOPLIST_FILE = Tests.plist;
				LD_RUNPATH_SEARCH_PATHS = "$(inherited) @executable_path/../Frameworks @loader_path/../Frameworks";
				PRODUCT_BUNDLE_IDENTIFIER = com.felixgbabel.Tests;
				PRODUCT_NAME = "$(TARGET_NAME)";
				SDKROOT = macosx;
			};
			name = Debug;
		};
		BD1FE2161C4FF402005F95D3 /* Release */ = {
			isa = XCBuildConfiguration;
			buildSettings = {
				INFOPLIST_FILE = Tests.plist;
				LD_RUNPATH_SEARCH_PATHS = "$(inherited) @executable_path/../Frameworks @loader_path/../Frameworks";
				PRODUCT_BUNDLE_IDENTIFIER = com.felixgbabel.Tests;
				PRODUCT_NAME = "$(TARGET_NAME)";
				SDKROOT = macosx;
			};
			name = Release;
		};
		BD3E1C971F76BA98008F2090 /* Debug */ = {
			isa = XCBuildConfiguration;
			buildSettings = {
			};
			name = Debug;
		};
		BD3E1C981F76BA98008F2090 /* Release */ = {
			isa = XCBuildConfiguration;
			buildSettings = {
			};
			name = Release;
		};
		BD3E1CB41F76C023008F2090 /* Debug */ = {
			isa = XCBuildConfiguration;
			buildSettings = {
			};
			name = Debug;
		};
		BD3E1CB51F76C023008F2090 /* Release */ = {
			isa = XCBuildConfiguration;
			buildSettings = {
			};
			name = Release;
		};
		BD3E1CFE1F7757DA008F2090 /* Debug */ = {
			isa = XCBuildConfiguration;
			buildSettings = {
				CODE_SIGN_IDENTITY = "iPhone Developer";
				CODE_SIGN_STYLE = Automatic;
			};
			name = Debug;
		};
		BD3E1CFF1F7757DA008F2090 /* Release */ = {
			isa = XCBuildConfiguration;
			buildSettings = {
				CODE_SIGN_IDENTITY = "iPhone Developer";
				CODE_SIGN_STYLE = Automatic;
			};
			name = Release;
		};
		BDBDBAAB1F75463C004EB183 /* Debug */ = {
			isa = XCBuildConfiguration;
			buildSettings = {
			};
			name = Debug;
		};
		BDBDBAAC1F75463C004EB183 /* Release */ = {
			isa = XCBuildConfiguration;
			buildSettings = {
			};
			name = Release;
		};
/* End XCBuildConfiguration section */

/* Begin XCConfigurationList section */
		BD1FE1EC1C4FF00E005F95D3 /* Build configuration list for PBXProject "UI" */ = {
			isa = XCConfigurationList;
			buildConfigurations = (
				BD1FE1F81C4FF00E005F95D3 /* Debug */,
				BD1FE1F91C4FF00E005F95D3 /* Release */,
			);
			defaultConfigurationIsVisible = 0;
			defaultConfigurationName = Release;
		};
		BD1FE2141C4FF402005F95D3 /* Build configuration list for PBXNativeTarget "Tests" */ = {
			isa = XCConfigurationList;
			buildConfigurations = (
				BD1FE2151C4FF402005F95D3 /* Debug */,
				BD1FE2161C4FF402005F95D3 /* Release */,
			);
			defaultConfigurationIsVisible = 0;
			defaultConfigurationName = Release;
		};
		BD3E1C961F76BA98008F2090 /* Build configuration list for PBXNativeTarget "Geometry" */ = {
			isa = XCConfigurationList;
			buildConfigurations = (
				BD3E1C971F76BA98008F2090 /* Debug */,
				BD3E1C981F76BA98008F2090 /* Release */,
			);
			defaultConfigurationIsVisible = 0;
			defaultConfigurationName = Release;
		};
		BD3E1CB31F76C023008F2090 /* Build configuration list for PBXNativeTarget "Graphics" */ = {
			isa = XCConfigurationList;
			buildConfigurations = (
				BD3E1CB41F76C023008F2090 /* Debug */,
				BD3E1CB51F76C023008F2090 /* Release */,
			);
			defaultConfigurationIsVisible = 0;
			defaultConfigurationName = Release;
		};
		BD3E1CFD1F7757DA008F2090 /* Build configuration list for PBXNativeTarget "Layout" */ = {
			isa = XCConfigurationList;
			buildConfigurations = (
				BD3E1CFE1F7757DA008F2090 /* Debug */,
				BD3E1CFF1F7757DA008F2090 /* Release */,
			);
			defaultConfigurationIsVisible = 0;
			defaultConfigurationName = Release;
		};
		BDBDBAAA1F75463C004EB183 /* Build configuration list for PBXNativeTarget "UI" */ = {
			isa = XCConfigurationList;
			buildConfigurations = (
				BDBDBAAB1F75463C004EB183 /* Debug */,
				BDBDBAAC1F75463C004EB183 /* Release */,
			);
			defaultConfigurationIsVisible = 0;
			defaultConfigurationName = Release;
		};
/* End XCConfigurationList section */
	};
	rootObject = BD1FE1E91C4FF00E005F95D3 /* Project object */;
}
