// !$*UTF8*$!
{
	archiveVersion = 1;
	classes = {
	};
	objectVersion = 51;
	objects = {

/* Begin PBXBuildFile section */
		BD0767AB223D535A002B5855 /* Fragment.swift in Sources */ = {isa = PBXBuildFile; fileRef = BD0767AA223D535A002B5855 /* Fragment.swift */; };
		BD07B64D222FEDE400A45924 /* Component.swift in Sources */ = {isa = PBXBuildFile; fileRef = BD07B64C222FEDE400A45924 /* Component.swift */; };
		BD07B64F222FEE4500A45924 /* Node.swift in Sources */ = {isa = PBXBuildFile; fileRef = BD07B64E222FEE4500A45924 /* Node.swift */; };
		BD3D4CC7223D547600F3532B /* Alias.swift in Sources */ = {isa = PBXBuildFile; fileRef = BD3D4CC6223D547600F3532B /* Alias.swift */; };
		BD3D4CC9223D553500F3532B /* Scope.swift in Sources */ = {isa = PBXBuildFile; fileRef = BD3D4CC8223D553500F3532B /* Scope.swift */; };
		BD3D4CCC223D55DF00F3532B /* Reconciler.swift in Sources */ = {isa = PBXBuildFile; fileRef = BD3D4CCB223D55DF00F3532B /* Reconciler.swift */; };
		BDD5E74E22254B7E00A50D86 /* Element.swift in Sources */ = {isa = PBXBuildFile; fileRef = BD1DCEFB2054ECEE00A1F483 /* Element.swift */; };
/* End PBXBuildFile section */

/* Begin PBXFileReference section */
		BD0767AA223D535A002B5855 /* Fragment.swift */ = {isa = PBXFileReference; lastKnownFileType = sourcecode.swift; path = Fragment.swift; sourceTree = "<group>"; };
		BD07B64C222FEDE400A45924 /* Component.swift */ = {isa = PBXFileReference; lastKnownFileType = sourcecode.swift; path = Component.swift; sourceTree = "<group>"; };
		BD07B64E222FEE4500A45924 /* Node.swift */ = {isa = PBXFileReference; lastKnownFileType = sourcecode.swift; path = Node.swift; sourceTree = "<group>"; };
		BD1DCEFB2054ECEE00A1F483 /* Element.swift */ = {isa = PBXFileReference; lastKnownFileType = sourcecode.swift; path = Element.swift; sourceTree = "<group>"; };
		BD1FE1FD1C4FF1A4005F95D3 /* LICENSE.md */ = {isa = PBXFileReference; fileEncoding = 4; lastKnownFileType = net.daringfireball.markdown; path = LICENSE.md; sourceTree = "<group>"; };
		BD1FE1FE1C4FF1A4005F95D3 /* README.md */ = {isa = PBXFileReference; fileEncoding = 4; lastKnownFileType = net.daringfireball.markdown; path = README.md; sourceTree = "<group>"; };
		BD3D4CC6223D547600F3532B /* Alias.swift */ = {isa = PBXFileReference; lastKnownFileType = sourcecode.swift; path = Alias.swift; sourceTree = "<group>"; };
		BD3D4CC8223D553500F3532B /* Scope.swift */ = {isa = PBXFileReference; lastKnownFileType = sourcecode.swift; path = Scope.swift; sourceTree = "<group>"; };
		BD3D4CCB223D55DF00F3532B /* Reconciler.swift */ = {isa = PBXFileReference; lastKnownFileType = sourcecode.swift; path = Reconciler.swift; sourceTree = "<group>"; };
		BD51E2831D172618002221F2 /* Package.swift */ = {isa = PBXFileReference; fileEncoding = 4; lastKnownFileType = sourcecode.swift; path = Package.swift; sourceTree = "<group>"; };
		BDBDBAA41F75463C004EB183 /* libUI.a */ = {isa = PBXFileReference; explicitFileType = archive.ar; includeInIndex = 0; path = libUI.a; sourceTree = BUILT_PRODUCTS_DIR; };
		BDD5E7BB2226C07500A50D86 /* Release.xcconfig */ = {isa = PBXFileReference; fileEncoding = 4; lastKnownFileType = text.xcconfig; path = Release.xcconfig; sourceTree = "<group>"; };
		BDD5E7BC2226C07500A50D86 /* Debug.xcconfig */ = {isa = PBXFileReference; fileEncoding = 4; lastKnownFileType = text.xcconfig; path = Debug.xcconfig; sourceTree = "<group>"; };
		BDD5E7BD2226C07600A50D86 /* Shared.xcconfig */ = {isa = PBXFileReference; fileEncoding = 4; lastKnownFileType = text.xcconfig; path = Shared.xcconfig; sourceTree = "<group>"; };
/* End PBXFileReference section */

/* Begin PBXGroup section */
		BD0767A9223D5347002B5855 /* Utility */ = {
			isa = PBXGroup;
			children = (
				BD3D4CC6223D547600F3532B /* Alias.swift */,
				BD0767AA223D535A002B5855 /* Fragment.swift */,
				BD3D4CC8223D553500F3532B /* Scope.swift */,
			);
			path = Utility;
			sourceTree = "<group>";
		};
		BD0A2B601D9EB88700F26C1F /* Package */ = {
			isa = PBXGroup;
			children = (
				BD1FE1FD1C4FF1A4005F95D3 /* LICENSE.md */,
				BD1FE1FE1C4FF1A4005F95D3 /* README.md */,
				BD51E2831D172618002221F2 /* Package.swift */,
				BDD5E7BC2226C07500A50D86 /* Debug.xcconfig */,
				BDD5E7BB2226C07500A50D86 /* Release.xcconfig */,
				BDD5E7BD2226C07600A50D86 /* Shared.xcconfig */,
			);
			name = Package;
			sourceTree = "<group>";
		};
		BD1FE1E81C4FF00E005F95D3 = {
			isa = PBXGroup;
			children = (
				BD0A2B601D9EB88700F26C1F /* Package */,
				BD1FE1F31C4FF00E005F95D3 /* Products */,
				BD1FE1FF1C4FF1A4005F95D3 /* Sources */,
			);
			sourceTree = "<group>";
			usesTabs = 1;
		};
		BD1FE1F31C4FF00E005F95D3 /* Products */ = {
			isa = PBXGroup;
			children = (
				BDBDBAA41F75463C004EB183 /* libUI.a */,
			);
			name = Products;
			sourceTree = "<group>";
		};
		BD1FE1FF1C4FF1A4005F95D3 /* Sources */ = {
			isa = PBXGroup;
			children = (
				BD07B64C222FEDE400A45924 /* Component.swift */,
				BD1DCEFB2054ECEE00A1F483 /* Element.swift */,
				BD07B64E222FEE4500A45924 /* Node.swift */,
				BD3D4CCA223D55C000F3532B /* Render */,
				BD0767A9223D5347002B5855 /* Utility */,
			);
			path = Sources;
			sourceTree = "<group>";
		};
		BD3D4CCA223D55C000F3532B /* Render */ = {
			isa = PBXGroup;
			children = (
				BD3D4CCB223D55DF00F3532B /* Reconciler.swift */,
			);
			path = Render;
			sourceTree = "<group>";
		};
/* End PBXGroup section */

/* Begin PBXNativeTarget section */
		BDBDBAA31F75463C004EB183 /* UI */ = {
			isa = PBXNativeTarget;
			buildConfigurationList = BDBDBAAA1F75463C004EB183 /* Build configuration list for PBXNativeTarget "UI" */;
			buildPhases = (
				BDBDBAA01F75463C004EB183 /* Sources */,
			);
			buildRules = (
			);
			dependencies = (
			);
			name = UI;
			productName = UI;
			productReference = BDBDBAA41F75463C004EB183 /* libUI.a */;
			productType = "com.apple.product-type.library.static";
		};
/* End PBXNativeTarget section */

/* Begin PBXProject section */
		BD1FE1E91C4FF00E005F95D3 /* Project object */ = {
			isa = PBXProject;
			attributes = {
				LastSwiftUpdateCheck = 1010;
				LastUpgradeCheck = 1010;
				ORGANIZATIONNAME = "Felix Gabel";
				TargetAttributes = {
					BDBDBAA31F75463C004EB183 = {
						CreatedOnToolsVersion = 9.0;
						LastSwiftMigration = 0900;
						ProvisioningStyle = Automatic;
					};
				};
			};
			buildConfigurationList = BD1FE1EC1C4FF00E005F95D3 /* Build configuration list for PBXProject "UI" */;
			compatibilityVersion = "Xcode 10.0";
			developmentRegion = English;
			hasScannedForEncodings = 0;
			knownRegions = (
				en,
				Base,
			);
			mainGroup = BD1FE1E81C4FF00E005F95D3;
			productRefGroup = BD1FE1F31C4FF00E005F95D3 /* Products */;
			projectDirPath = "";
			projectRoot = "";
			targets = (
				BDBDBAA31F75463C004EB183 /* UI */,
			);
		};
/* End PBXProject section */

/* Begin PBXSourcesBuildPhase section */
		BDBDBAA01F75463C004EB183 /* Sources */ = {
			isa = PBXSourcesBuildPhase;
			buildActionMask = 2147483647;
			files = (
				BD07B64F222FEE4500A45924 /* Node.swift in Sources */,
				BD0767AB223D535A002B5855 /* Fragment.swift in Sources */,
				BD3D4CCC223D55DF00F3532B /* Reconciler.swift in Sources */,
				BDD5E74E22254B7E00A50D86 /* Element.swift in Sources */,
				BD07B64D222FEDE400A45924 /* Component.swift in Sources */,
				BD3D4CC9223D553500F3532B /* Scope.swift in Sources */,
				BD3D4CC7223D547600F3532B /* Alias.swift in Sources */,
			);
			runOnlyForDeploymentPostprocessing = 0;
		};
/* End PBXSourcesBuildPhase section */

/* Begin XCBuildConfiguration section */
		BD1FE1F81C4FF00E005F95D3 /* Debug */ = {
			isa = XCBuildConfiguration;
			baseConfigurationReference = BDD5E7BC2226C07500A50D86 /* Debug.xcconfig */;
			buildSettings = {
				CLANG_ANALYZER_NONNULL = YES;
				CLANG_ANALYZER_NUMBER_OBJECT_CONVERSION = YES_AGGRESSIVE;
				CLANG_WARN_BLOCK_CAPTURE_AUTORELEASING = YES;
				CLANG_WARN_BOOL_CONVERSION = YES;
				CLANG_WARN_COMMA = YES;
				CLANG_WARN_CONSTANT_CONVERSION = YES;
				CLANG_WARN_DEPRECATED_OBJC_IMPLEMENTATIONS = YES;
				CLANG_WARN_DIRECT_OBJC_ISA_USAGE = YES_ERROR;
				CLANG_WARN_DOCUMENTATION_COMMENTS = YES;
				CLANG_WARN_EMPTY_BODY = YES;
				CLANG_WARN_ENUM_CONVERSION = YES;
				CLANG_WARN_INFINITE_RECURSION = YES;
				CLANG_WARN_INT_CONVERSION = YES;
				CLANG_WARN_NON_LITERAL_NULL_CONVERSION = YES;
				CLANG_WARN_OBJC_IMPLICIT_RETAIN_SELF = YES;
				CLANG_WARN_OBJC_LITERAL_CONVERSION = YES;
				CLANG_WARN_OBJC_ROOT_CLASS = YES_ERROR;
				CLANG_WARN_RANGE_LOOP_ANALYSIS = YES;
				CLANG_WARN_STRICT_PROTOTYPES = YES;
				CLANG_WARN_SUSPICIOUS_MOVE = YES;
				CLANG_WARN_UNGUARDED_AVAILABILITY = YES_AGGRESSIVE;
				CLANG_WARN_UNREACHABLE_CODE = YES;
				CLANG_WARN__DUPLICATE_METHOD_MATCH = YES;
				ENABLE_STRICT_OBJC_MSGSEND = YES;
				GCC_NO_COMMON_BLOCKS = YES;
				GCC_WARN_64_TO_32_BIT_CONVERSION = YES;
				GCC_WARN_ABOUT_RETURN_TYPE = YES_ERROR;
				GCC_WARN_FOUR_CHARACTER_CONSTANTS = YES;
				GCC_WARN_SHADOW = YES;
				GCC_WARN_UNDECLARED_SELECTOR = YES;
				GCC_WARN_UNINITIALIZED_AUTOS = YES_AGGRESSIVE;
				GCC_WARN_UNUSED_FUNCTION = YES;
				GCC_WARN_UNUSED_VARIABLE = YES;
			};
			name = Debug;
		};
		BD1FE1F91C4FF00E005F95D3 /* Release */ = {
			isa = XCBuildConfiguration;
			baseConfigurationReference = BDD5E7BB2226C07500A50D86 /* Release.xcconfig */;
			buildSettings = {
				CLANG_ANALYZER_NONNULL = YES;
				CLANG_ANALYZER_NUMBER_OBJECT_CONVERSION = YES_AGGRESSIVE;
				CLANG_WARN_BLOCK_CAPTURE_AUTORELEASING = YES;
				CLANG_WARN_BOOL_CONVERSION = YES;
				CLANG_WARN_COMMA = YES;
				CLANG_WARN_CONSTANT_CONVERSION = YES;
				CLANG_WARN_DEPRECATED_OBJC_IMPLEMENTATIONS = YES;
				CLANG_WARN_DIRECT_OBJC_ISA_USAGE = YES_ERROR;
				CLANG_WARN_DOCUMENTATION_COMMENTS = YES;
				CLANG_WARN_EMPTY_BODY = YES;
				CLANG_WARN_ENUM_CONVERSION = YES;
				CLANG_WARN_INFINITE_RECURSION = YES;
				CLANG_WARN_INT_CONVERSION = YES;
				CLANG_WARN_NON_LITERAL_NULL_CONVERSION = YES;
				CLANG_WARN_OBJC_IMPLICIT_RETAIN_SELF = YES;
				CLANG_WARN_OBJC_LITERAL_CONVERSION = YES;
				CLANG_WARN_OBJC_ROOT_CLASS = YES_ERROR;
				CLANG_WARN_RANGE_LOOP_ANALYSIS = YES;
				CLANG_WARN_STRICT_PROTOTYPES = YES;
				CLANG_WARN_SUSPICIOUS_MOVE = YES;
				CLANG_WARN_UNGUARDED_AVAILABILITY = YES_AGGRESSIVE;
				CLANG_WARN_UNREACHABLE_CODE = YES;
				CLANG_WARN__DUPLICATE_METHOD_MATCH = YES;
				ENABLE_STRICT_OBJC_MSGSEND = YES;
				GCC_NO_COMMON_BLOCKS = YES;
				GCC_WARN_64_TO_32_BIT_CONVERSION = YES;
				GCC_WARN_ABOUT_RETURN_TYPE = YES_ERROR;
				GCC_WARN_FOUR_CHARACTER_CONSTANTS = YES;
				GCC_WARN_SHADOW = YES;
				GCC_WARN_UNDECLARED_SELECTOR = YES;
				GCC_WARN_UNINITIALIZED_AUTOS = YES_AGGRESSIVE;
				GCC_WARN_UNUSED_FUNCTION = YES;
				GCC_WARN_UNUSED_VARIABLE = YES;
			};
			name = Release;
		};
		BDBDBAAB1F75463C004EB183 /* Debug */ = {
			isa = XCBuildConfiguration;
			buildSettings = {
			};
			name = Debug;
		};
		BDBDBAAC1F75463C004EB183 /* Release */ = {
			isa = XCBuildConfiguration;
			buildSettings = {
			};
			name = Release;
		};
/* End XCBuildConfiguration section */

/* Begin XCConfigurationList section */
		BD1FE1EC1C4FF00E005F95D3 /* Build configuration list for PBXProject "UI" */ = {
			isa = XCConfigurationList;
			buildConfigurations = (
				BD1FE1F81C4FF00E005F95D3 /* Debug */,
				BD1FE1F91C4FF00E005F95D3 /* Release */,
			);
			defaultConfigurationIsVisible = 0;
			defaultConfigurationName = Release;
		};
		BDBDBAAA1F75463C004EB183 /* Build configuration list for PBXNativeTarget "UI" */ = {
			isa = XCConfigurationList;
			buildConfigurations = (
				BDBDBAAB1F75463C004EB183 /* Debug */,
				BDBDBAAC1F75463C004EB183 /* Release */,
			);
			defaultConfigurationIsVisible = 0;
			defaultConfigurationName = Release;
		};
/* End XCConfigurationList section */
	};
	rootObject = BD1FE1E91C4FF00E005F95D3 /* Project object */;
}
